metadata:
  content_hash:
    linux-64: e90c2ee71ad70fc0a1c8302029533a7d1498f2bffcd0eaa8d2934700e775dc1d
  channels:
  - url: https://conda.anaconda.org/conda-forge/
    used_env_vars: []
  platforms:
  - linux-64
  sources: []
  time_metadata: null
  git_metadata: null
  inputs_metadata: null
  custom_metadata: null
package:
- name: _libgcc_mutex
  version: '0.1'
  manager: conda
  platform: linux-64
  dependencies: {}
  url: https://conda.anaconda.org/conda-forge/linux-64/_libgcc_mutex-0.1-conda_forge.tar.bz2
  hash:
    md5: d7c89558ba9fa0495403155b64376d81
    sha256: fe51de6107f9edc7aa4f786a70f4a883943bc9d39b3bb7307c04c41410990726
  optional: false
  category: main
  build: conda_forge
  arch: x86_64
  subdir: linux-64
  build_number: 0
  license: None
  size: 2562
  timestamp: 1578324546067
- name: _openmp_mutex
  version: '4.5'
  manager: conda
  platform: linux-64
  dependencies:
    _libgcc_mutex: ==0.1 conda_forge
    libgomp: '>=7.5.0'
  url: https://conda.anaconda.org/conda-forge/linux-64/_openmp_mutex-4.5-2_gnu.tar.bz2
  hash:
    md5: 73aaf86a425cc6e73fcf236a5a46396d
    sha256: fbe2c5e56a653bebb982eda4876a9178aedfc2b545f25d0ce9c4c0b508253d22
  optional: false
  category: main
  build: 2_gnu
  arch: x86_64
  subdir: linux-64
  build_number: 16
  constrains:
  - openmp_impl 9999
  license: BSD-3-Clause
  license_family: BSD
  size: 23621
  timestamp: 1650670423406
- name: binutils
  version: '2.40'
  manager: conda
  platform: linux-64
  dependencies:
    binutils_impl_linux-64: '>=2.40,<2.41.0a0'
  url: https://conda.anaconda.org/conda-forge/linux-64/binutils-2.40-hdd6e379_0.conda
  hash:
    md5: ccc940fddbc3fcd3d79cd4c654c4b5c4
    sha256: 35f3b042f295fd7387de11cf426ca8ee5257e5c98b88560c6c5ad4ef3c85d38c
  optional: false
  category: main
  build: hdd6e379_0
  arch: x86_64
  subdir: linux-64
  build_number: 0
  license: GPL-3.0-only
  license_family: GPL
  size: 30469
  timestamp: 1674833987166
- name: binutils_impl_linux-64
  version: '2.40'
  manager: conda
  platform: linux-64
  dependencies:
    ld_impl_linux-64: ==2.40 h41732ed_0
    sysroot_linux-64: '*'
  url: https://conda.anaconda.org/conda-forge/linux-64/binutils_impl_linux-64-2.40-hf600244_0.conda
  hash:
    md5: 33084421a8c0af6aef1b439707f7662a
    sha256: a7e0ea2b71a5b03d82e5a58fb6b612ab1c44d72ce161f9aa441f7ba467cd4c8d
  optional: false
  category: main
  build: hf600244_0
  arch: x86_64
  subdir: linux-64
  build_number: 0
  license: GPL-3.0-only
  license_family: GPL
  size: 5414922
  timestamp: 1674833958334
- name: binutils_linux-64
  version: '2.40'
  manager: conda
  platform: linux-64
  dependencies:
    binutils_impl_linux-64: 2.40.*
    sysroot_linux-64: '*'
  url: https://conda.anaconda.org/conda-forge/linux-64/binutils_linux-64-2.40-hbdbef99_2.conda
  hash:
    md5: adfebae9fdc63a598495dfe3b006973a
    sha256: 333f3339d94c93bcc02a723e3e460cb6ff6075e05f5247e15bef5dcdcec541a3
  optional: false
  category: main
  build: hbdbef99_2
  arch: x86_64
  subdir: linux-64
  build_number: 2
  license: BSD-3-Clause
  license_family: BSD
  size: 28178
  timestamp: 1694604071236
- name: bzip2
  version: 1.0.8
  manager: conda
  platform: linux-64
  dependencies:
    libgcc-ng: '>=9.3.0'
  url: https://conda.anaconda.org/conda-forge/linux-64/bzip2-1.0.8-h7f98852_4.tar.bz2
  hash:
    md5: a1fd65c7ccbf10880423d82bca54eb54
    sha256: cb521319804640ff2ad6a9f118d972ed76d86bea44e5626c09a13d38f562e1fa
  optional: false
  category: main
  build: h7f98852_4
  arch: x86_64
  subdir: linux-64
  build_number: 4
  license: bzip2-1.0.6
  license_family: BSD
  size: 495686
  timestamp: 1606604745109
- name: c-ares
  version: 1.19.1
  manager: conda
  platform: linux-64
  dependencies:
    libgcc-ng: '>=12'
  url: https://conda.anaconda.org/conda-forge/linux-64/c-ares-1.19.1-hd590300_0.conda
  hash:
    md5: e8c18d865be43e2fb3f7a145b6adf1f5
    sha256: c4276b1a0e8f18ab08018b1881666656742b325e0fcf2354f714e924d28683b6
  optional: false
  category: main
  build: hd590300_0
  arch: x86_64
  subdir: linux-64
  build_number: 0
  license: MIT
  license_family: MIT
  size: 113362
  timestamp: 1684782732180
- name: c-compiler
  version: 1.6.0
  manager: conda
  platform: linux-64
  dependencies:
    binutils: '*'
    gcc: '*'
    gcc_linux-64: 12.*
  url: https://conda.anaconda.org/conda-forge/linux-64/c-compiler-1.6.0-hd590300_0.conda
  hash:
    md5: ea6c792f792bdd7ae6e7e2dee32f0a48
    sha256: d741ff93d5f71a83a9be0f592682f31ca2d468c37177f18a8d1a2469bb821c05
  optional: false
  category: main
  build: hd590300_0
  arch: x86_64
  subdir: linux-64
  build_number: 0
  license: BSD
  size: 6184
  timestamp: 1689097480051
- name: ca-certificates
  version: 2023.7.22
  manager: conda
  platform: linux-64
  dependencies: {}
  url: https://conda.anaconda.org/conda-forge/linux-64/ca-certificates-2023.7.22-hbcca054_0.conda
  hash:
    md5: a73ecd2988327ad4c8f2c331482917f2
    sha256: 525b7b6b5135b952ec1808de84e5eca57c7c7ff144e29ef3e96ae4040ff432c1
  optional: false
  category: main
  build: hbcca054_0
  arch: x86_64
  subdir: linux-64
  build_number: 0
  license: ISC
  size: 149515
  timestamp: 1690026108541
- name: cffi
  version: 1.16.0
  manager: conda
  platform: linux-64
  dependencies:
    libffi: '>=3.4,<4.0a0'
    libgcc-ng: '>=12'
    pycparser: '*'
    python: '>=3.11,<3.12.0a0'
    python_abi: 3.11.* *_cp311
  url: https://conda.anaconda.org/conda-forge/linux-64/cffi-1.16.0-py311hb3a22ac_0.conda
  hash:
    md5: b3469563ac5e808b0cd92810d0697043
    sha256: b71c94528ca0c35133da4b7ef69b51a0b55eeee570376057f3d2ad60c3ab1444
  optional: false
  category: main
  build: py311hb3a22ac_0
  arch: x86_64
  subdir: linux-64
  build_number: 0
  license: MIT
  license_family: MIT
  size: 300207
  timestamp: 1696001873452
- name: cfgv
  version: 3.3.1
  manager: conda
  platform: linux-64
  dependencies:
    python: '>=3.6.1'
  url: https://conda.anaconda.org/conda-forge/noarch/cfgv-3.3.1-pyhd8ed1ab_0.tar.bz2
  hash:
    md5: ebb5f5f7dc4f1a3780ef7ea7738db08c
    sha256: fbc03537a27ef756162c49b1d0608bf7ab12fa5e38ceb8563d6f4859e835ac5c
  optional: false
  category: main
  build: pyhd8ed1ab_0
  arch: x86_64
  subdir: linux-64
  build_number: 0
  license: MIT
  license_family: MIT
  noarch: python
  size: 10788
  timestamp: 1629909423398
- name: cmake
  version: 3.27.6
  manager: conda
  platform: linux-64
  dependencies:
    bzip2: '>=1.0.8,<2.0a0'
    libcurl: '>=8.3.0,<9.0a0'
    libexpat: '>=2.5.0,<3.0a0'
    libgcc-ng: '>=12'
    libstdcxx-ng: '>=12'
    libuv: '>=1.46.0,<2.0a0'
    libzlib: '>=1.2.13,<1.3.0a0'
    ncurses: '>=6.4,<7.0a0'
    rhash: '>=1.4.4,<2.0a0'
    xz: '>=5.2.6,<6.0a0'
    zstd: '>=1.5.5,<1.6.0a0'
  url: https://conda.anaconda.org/conda-forge/linux-64/cmake-3.27.6-hcfe8598_0.conda
  hash:
    md5: 4c0101485c452ea86f846523c4fae698
    sha256: 64e08c246195d6956f7a04fa7d96a53de696b26b1dae8b08cfe716950f696e12
  optional: false
  category: main
  build: hcfe8598_0
  arch: x86_64
  subdir: linux-64
  build_number: 0
  license: BSD-3-Clause
  license_family: BSD
  size: 18494905
  timestamp: 1695269729661
- name: compilers
  version: 1.6.0
  manager: conda
  platform: linux-64
  dependencies:
    c-compiler: ==1.6.0 hd590300_0
    cxx-compiler: ==1.6.0 h00ab1b0_0
    fortran-compiler: ==1.6.0 heb67821_0
  url: https://conda.anaconda.org/conda-forge/linux-64/compilers-1.6.0-ha770c72_0.conda
  hash:
    md5: e2259de4640a51a28c21931ae98e4975
    sha256: 05bce88c6f89327746ffcf53801994bce3eca758875e3c542594e12c09cb6db9
  optional: false
  category: main
  build: ha770c72_0
  arch: x86_64
  subdir: linux-64
  build_number: 0
  license: BSD-3-Clause
  license_family: BSD
  size: 6983
  timestamp: 1689097491629
- name: cxx-compiler
  version: 1.6.0
  manager: conda
  platform: linux-64
  dependencies:
    c-compiler: ==1.6.0 hd590300_0
    gxx: '*'
    gxx_linux-64: 12.*
  url: https://conda.anaconda.org/conda-forge/linux-64/cxx-compiler-1.6.0-h00ab1b0_0.conda
  hash:
    md5: 364c6ae36c4e36fcbd4d273cf4db78af
    sha256: 472b6b7f967df1db634c67d71c6b31cd186d18b5d0548196c2e426833ff17d99
  optional: false
  category: main
  build: h00ab1b0_0
  arch: x86_64
  subdir: linux-64
  build_number: 0
  license: BSD
  size: 6179
  timestamp: 1689097484095
- name: distlib
  version: 0.3.7
  manager: conda
  platform: linux-64
  dependencies:
    python: ==2.7|>=3.6
  url: https://conda.anaconda.org/conda-forge/noarch/distlib-0.3.7-pyhd8ed1ab_0.conda
  hash:
    md5: 12d8aae6994f342618443a8f05c652a0
    sha256: 13c887cb4a29e1e853a118cfc0e42b72a7e1d1c50c66c0974885d37f0db30619
  optional: false
  category: main
  build: pyhd8ed1ab_0
  arch: x86_64
  subdir: linux-64
  build_number: 0
  license: Apache-2.0
  license_family: APACHE
  noarch: python
  size: 273692
  timestamp: 1689598624555
- name: filelock
  version: 3.12.4
  manager: conda
  platform: linux-64
  dependencies:
    python: '>=3.7'
  url: https://conda.anaconda.org/conda-forge/noarch/filelock-3.12.4-pyhd8ed1ab_0.conda
  hash:
    md5: 5173d4b8267a0699a43d73231e0b6596
    sha256: 7463c64364c14b34a7a69a7550a880ccd1ec6d3014001e55913e6e4e8b0c7395
  optional: false
  category: main
  build: pyhd8ed1ab_0
  arch: x86_64
  subdir: linux-64
  build_number: 0
  license: Unlicense
  noarch: python
  size: 15153
  timestamp: 1694629394497
- name: fortran-compiler
  version: 1.6.0
  manager: conda
  platform: linux-64
  dependencies:
    binutils: '*'
    c-compiler: ==1.6.0 hd590300_0
    gfortran: '*'
    gfortran_linux-64: 12.*
  url: https://conda.anaconda.org/conda-forge/linux-64/fortran-compiler-1.6.0-heb67821_0.conda
  hash:
    md5: b65c49dda97ae497abcbdf3a8ba0018f
    sha256: 6b7be32c77fc70740c9f6ff7fd3a99af2d333255072f1044757fbf0641769bd5
  optional: false
  category: main
  build: heb67821_0
  arch: x86_64
  subdir: linux-64
  build_number: 0
  license: BSD
  size: 6192
  timestamp: 1689097488167
- name: gcc
  version: 12.3.0
  manager: conda
  platform: linux-64
  dependencies:
    gcc_impl_linux-64: 12.3.0.*
  url: https://conda.anaconda.org/conda-forge/linux-64/gcc-12.3.0-h8d2909c_2.conda
  hash:
    md5: e2f2f81f367e14ca1f77a870bda2fe59
    sha256: 1bbf077688822993c39518056fb43d83ff0920eb42fef11e8714d2a298cc0f27
  optional: false
  category: main
  build: h8d2909c_2
  arch: x86_64
  subdir: linux-64
  build_number: 2
  license: BSD-3-Clause
  license_family: BSD
  size: 27086
  timestamp: 1694604171830
- name: gcc_impl_linux-64
  version: 12.3.0
  manager: conda
  platform: linux-64
  dependencies:
    binutils_impl_linux-64: '>=2.39'
    libgcc-devel_linux-64: ==12.3.0 h8bca6fd_2
    libgcc-ng: '>=12.3.0'
    libgomp: '>=12.3.0'
    libsanitizer: ==12.3.0 h0f45ef3_2
    libstdcxx-ng: '>=12.3.0'
    sysroot_linux-64: '*'
  url: https://conda.anaconda.org/conda-forge/linux-64/gcc_impl_linux-64-12.3.0-he2b93b0_2.conda
  hash:
    md5: 2f4d8677dc7dd87f93e9abfb2ce86808
    sha256: 62a897343229e6dc4a3ace4f419a30e60a0a22ce7d0eac0b9bfb8f0308cf3de5
  optional: false
  category: main
  build: he2b93b0_2
  arch: x86_64
  subdir: linux-64
  build_number: 2
  license: GPL-3.0-only WITH GCC-exception-3.1
  license_family: GPL
  size: 51573870
  timestamp: 1695218760476
- name: gcc_linux-64
  version: 12.3.0
  manager: conda
  platform: linux-64
  dependencies:
    binutils_linux-64: ==2.40 hbdbef99_2
    gcc_impl_linux-64: 12.3.0.*
    sysroot_linux-64: '*'
  url: https://conda.anaconda.org/conda-forge/linux-64/gcc_linux-64-12.3.0-h76fc315_2.conda
  hash:
    md5: 11517e7b5c910c5b5d6985c0c7eb7f50
    sha256: 86f6db7399ec0362e4c4025939debbfebc8ad9ccef75e3c0e4069f85b149f24d
  optional: false
  category: main
  build: h76fc315_2
  arch: x86_64
  subdir: linux-64
  build_number: 2
  license: BSD-3-Clause
  license_family: BSD
  size: 30351
  timestamp: 1694604476800
- name: gfortran
  version: 12.3.0
  manager: conda
  platform: linux-64
  dependencies:
    gcc: 12.3.0.*
    gcc_impl_linux-64: 12.3.0.*
    gfortran_impl_linux-64: 12.3.0.*
  url: https://conda.anaconda.org/conda-forge/linux-64/gfortran-12.3.0-h499e0f7_2.conda
  hash:
    md5: 0558a8c44eb7a18e6682bd3a8ae6dcab
    sha256: 5cc7101ce3f44517b1416e1da6e64f107db8a0e8a31d552d3f6ecd4096c2c5ba
  optional: false
  category: main
  build: h499e0f7_2
  arch: x86_64
  subdir: linux-64
  build_number: 2
  license: BSD-3-Clause
  license_family: BSD
  size: 26559
  timestamp: 1694604486300
- name: gfortran_impl_linux-64
  version: 12.3.0
  manager: conda
  platform: linux-64
  dependencies:
    gcc_impl_linux-64: '>=12.3.0'
    libgcc-ng: '>=4.9'
    libgfortran5: '>=12.3.0'
    libstdcxx-ng: '>=4.9'
    sysroot_linux-64: '*'
  url: https://conda.anaconda.org/conda-forge/linux-64/gfortran_impl_linux-64-12.3.0-hfcedea8_2.conda
  hash:
    md5: 09d48cadff6669068c3bf7ae7dc8ea4a
    sha256: 9078e20e88b14b89b4185b2ae61d40147b0006678c41dc3970f6f3e37df69a7e
  optional: false
  category: main
  build: hfcedea8_2
  arch: x86_64
  subdir: linux-64
  build_number: 2
  license: GPL-3.0-only WITH GCC-exception-3.1
  license_family: GPL
  size: 15338850
  timestamp: 1695218919922
- name: gfortran_linux-64
  version: 12.3.0
  manager: conda
  platform: linux-64
  dependencies:
    binutils_linux-64: ==2.40 hbdbef99_2
    gcc_linux-64: ==12.3.0 h76fc315_2
    gfortran_impl_linux-64: 12.3.0.*
    sysroot_linux-64: '*'
  url: https://conda.anaconda.org/conda-forge/linux-64/gfortran_linux-64-12.3.0-h7fe76b4_2.conda
  hash:
    md5: 3a749210487c0358b6f135a648cbbf60
    sha256: ab6131d71bfa568b10f9e34e07ed5757625c7a2b6adca87c25db622f1dffe81b
  optional: false
  category: main
  build: h7fe76b4_2
  arch: x86_64
  subdir: linux-64
  build_number: 2
  license: BSD-3-Clause
  license_family: BSD
  size: 28785
  timestamp: 1694604513817
- name: gxx
  version: 12.3.0
  manager: conda
  platform: linux-64
  dependencies:
    gcc: 12.3.0.*
    gxx_impl_linux-64: 12.3.0.*
  url: https://conda.anaconda.org/conda-forge/linux-64/gxx-12.3.0-h8d2909c_2.conda
  hash:
    md5: 673bac341be6b90ef9e8abae7e52ca46
    sha256: 5fd65768fb602fd21466831c96e7a2355a4df692507abbd481aa65a777151d85
  optional: false
  category: main
  build: h8d2909c_2
  arch: x86_64
  subdir: linux-64
  build_number: 2
  license: BSD-3-Clause
  license_family: BSD
  size: 26539
  timestamp: 1694604501713
- name: gxx_impl_linux-64
  version: 12.3.0
  manager: conda
  platform: linux-64
  dependencies:
    gcc_impl_linux-64: ==12.3.0 he2b93b0_2
    libstdcxx-devel_linux-64: ==12.3.0 h8bca6fd_2
    sysroot_linux-64: '*'
  url: https://conda.anaconda.org/conda-forge/linux-64/gxx_impl_linux-64-12.3.0-he2b93b0_2.conda
  hash:
    md5: f89b9916afc36fc5562fbfc11330a8a2
    sha256: 1ca91c1a3892b61da7efe150f9a1830e18aac82f563b27bf707520cb3297cc7a
  optional: false
  category: main
  build: he2b93b0_2
  arch: x86_64
  subdir: linux-64
  build_number: 2
  license: GPL-3.0-only WITH GCC-exception-3.1
  license_family: GPL
  size: 12667490
  timestamp: 1695218983245
- name: gxx_linux-64
  version: 12.3.0
  manager: conda
  platform: linux-64
  dependencies:
    binutils_linux-64: ==2.40 hbdbef99_2
    gcc_linux-64: ==12.3.0 h76fc315_2
    gxx_impl_linux-64: 12.3.0.*
    sysroot_linux-64: '*'
  url: https://conda.anaconda.org/conda-forge/linux-64/gxx_linux-64-12.3.0-h8a814eb_2.conda
  hash:
    md5: f517b1525e9783849bd56a5dc45a9960
    sha256: 9878771cf1316230150a795d213a2f1dd7dead07dc0bccafae20533d631d5e69
  optional: false
  category: main
  build: h8a814eb_2
  arch: x86_64
  subdir: linux-64
  build_number: 2
  license: BSD-3-Clause
  license_family: BSD
  size: 28640
  timestamp: 1694604524890
- name: identify
  version: 2.5.30
  manager: conda
  platform: linux-64
  dependencies:
    python: '>=3.6'
    ukkonen: '*'
  url: https://conda.anaconda.org/conda-forge/noarch/identify-2.5.30-pyhd8ed1ab_0.conda
  hash:
    md5: b7a2e3bb89bda8c69839485c20aabadf
    sha256: dc9901654af0556209bb5b4194ef2deb643bc641ac859a31f13c41b945b60150
  optional: false
  category: main
  build: pyhd8ed1ab_0
  arch: x86_64
  subdir: linux-64
  build_number: 0
  license: MIT
  license_family: MIT
  noarch: python
  size: 78089
  timestamp: 1696170905976
- name: kernel-headers_linux-64
  version: 2.6.32
  manager: conda
  platform: linux-64
  dependencies: {}
  url: https://conda.anaconda.org/conda-forge/noarch/kernel-headers_linux-64-2.6.32-he073ed8_16.conda
  hash:
    md5: 7ca122655873935e02c91279c5b03c8c
    sha256: aaa8aa6dc776d734a6702032588ff3c496721da905366d91162e3654c082aef0
  optional: false
  category: main
  build: he073ed8_16
  arch: x86_64
  subdir: linux-64
  build_number: 16
  constrains:
  - sysroot_linux-64 ==2.12
  license: LGPL-2.0-or-later AND LGPL-2.0-or-later WITH exceptions AND GPL-2.0-or-later AND MPL-2.0
  license_family: GPL
  noarch: generic
  size: 709007
  timestamp: 1689214970644
- name: keyutils
  version: 1.6.1
  manager: conda
  platform: linux-64
  dependencies:
    libgcc-ng: '>=10.3.0'
  url: https://conda.anaconda.org/conda-forge/linux-64/keyutils-1.6.1-h166bdaf_0.tar.bz2
  hash:
    md5: 30186d27e2c9fa62b45fb1476b7200e3
    sha256: 150c05a6e538610ca7c43beb3a40d65c90537497a4f6a5f4d15ec0451b6f5ebb
  optional: false
  category: main
  build: h166bdaf_0
  arch: x86_64
  subdir: linux-64
  build_number: 0
  license: LGPL-2.1-or-later
  size: 117831
  timestamp: 1646151697040
- name: krb5
  version: 1.21.2
  manager: conda
  platform: linux-64
  dependencies:
    keyutils: '>=1.6.1,<2.0a0'
    libedit: '>=3.1.20191231,<4.0a0'
    libgcc-ng: '>=12'
    libstdcxx-ng: '>=12'
    openssl: '>=3.1.2,<4.0a0'
  url: https://conda.anaconda.org/conda-forge/linux-64/krb5-1.21.2-h659d440_0.conda
  hash:
    md5: cd95826dbd331ed1be26bdf401432844
    sha256: 259bfaae731989b252b7d2228c1330ef91b641c9d68ff87dae02cbae682cb3e4
  optional: false
  category: main
  build: h659d440_0
  arch: x86_64
  subdir: linux-64
  build_number: 0
  license: MIT
  license_family: MIT
  size: 1371181
  timestamp: 1692097755782
- name: ld_impl_linux-64
  version: '2.40'
  manager: conda
  platform: linux-64
  dependencies: {}
  url: https://conda.anaconda.org/conda-forge/linux-64/ld_impl_linux-64-2.40-h41732ed_0.conda
  hash:
    md5: 7aca3059a1729aa76c597603f10b0dd3
    sha256: f6cc89d887555912d6c61b295d398cff9ec982a3417d38025c45d5dd9b9e79cd
  optional: false
  category: main
  build: h41732ed_0
  arch: x86_64
  subdir: linux-64
  build_number: 0
  constrains:
  - binutils_impl_linux-64 2.40
  license: GPL-3.0-only
  license_family: GPL
  size: 704696
  timestamp: 1674833944779
- name: libcurl
  version: 8.3.0
  manager: conda
  platform: linux-64
  dependencies:
    krb5: '>=1.21.2,<1.22.0a0'
    libgcc-ng: '>=12'
    libnghttp2: '>=1.52.0,<2.0a0'
    libssh2: '>=1.11.0,<2.0a0'
    libzlib: '>=1.2.13,<1.3.0a0'
    openssl: '>=3.1.2,<4.0a0'
    zstd: '>=1.5.5,<1.6.0a0'
  url: https://conda.anaconda.org/conda-forge/linux-64/libcurl-8.3.0-hca28451_0.conda
  hash:
    md5: 4ab41bee09a2d2e08de5f09d6f1eef62
    sha256: 177b2d2cd552dcb88c0ce74b14512e1a8cd44146645120529e19755eb493232e
  optional: false
  category: main
  build: hca28451_0
  arch: x86_64
  subdir: linux-64
  build_number: 0
  license: curl
  license_family: MIT
  size: 388309
  timestamp: 1694599609110
- name: libedit
  version: 3.1.20191231
  manager: conda
  platform: linux-64
  dependencies:
    libgcc-ng: '>=7.5.0'
    ncurses: '>=6.2,<7.0.0a0'
  url: https://conda.anaconda.org/conda-forge/linux-64/libedit-3.1.20191231-he28a2e2_2.tar.bz2
  hash:
    md5: 4d331e44109e3f0e19b4cb8f9b82f3e1
    sha256: a57d37c236d8f7c886e01656f4949d9dcca131d2a0728609c6f7fa338b65f1cf
  optional: false
  category: main
  build: he28a2e2_2
  arch: x86_64
  subdir: linux-64
  build_number: 2
  license: BSD-2-Clause
  license_family: BSD
  size: 123878
  timestamp: 1597616541093
- name: libev
  version: '4.33'
  manager: conda
  platform: linux-64
  dependencies:
    libgcc-ng: '>=7.5.0'
  url: https://conda.anaconda.org/conda-forge/linux-64/libev-4.33-h516909a_1.tar.bz2
  hash:
    md5: 6f8720dff19e17ce5d48cfe7f3d2f0a3
    sha256: 8c9635aa0ea28922877dc96358f9547f6a55fc7e2eb75a556b05f1725496baf9
  optional: false
  category: main
  build: h516909a_1
  arch: x86_64
  subdir: linux-64
  build_number: 1
  license: BSD-2-Clause
  license_family: BSD
  size: 106190
  timestamp: 1598867915
- name: libexpat
  version: 2.5.0
  manager: conda
  platform: linux-64
  dependencies:
    libgcc-ng: '>=12'
  url: https://conda.anaconda.org/conda-forge/linux-64/libexpat-2.5.0-hcb278e6_1.conda
  hash:
    md5: 6305a3dd2752c76335295da4e581f2fd
    sha256: 74c98a563777ae2ad71f1f74d458a8ab043cee4a513467c159ccf159d0e461f3
  optional: false
  category: main
  build: hcb278e6_1
  arch: x86_64
  subdir: linux-64
  build_number: 1
  constrains:
  - expat 2.5.0.*
  license: MIT
  license_family: MIT
  size: 77980
  timestamp: 1680190528313
- name: libffi
  version: 3.4.2
  manager: conda
  platform: linux-64
  dependencies:
    libgcc-ng: '>=9.4.0'
  url: https://conda.anaconda.org/conda-forge/linux-64/libffi-3.4.2-h7f98852_5.tar.bz2
  hash:
    md5: d645c6d2ac96843a2bfaccd2d62b3ac3
    sha256: ab6e9856c21709b7b517e940ae7028ae0737546122f83c2aa5d692860c3b149e
  optional: false
  category: main
  build: h7f98852_5
  arch: x86_64
  subdir: linux-64
  build_number: 5
  license: MIT
  license_family: MIT
  size: 58292
  timestamp: 1636488182923
- name: libgcc-devel_linux-64
  version: 12.3.0
  manager: conda
  platform: linux-64
  dependencies: {}
  url: https://conda.anaconda.org/conda-forge/linux-64/libgcc-devel_linux-64-12.3.0-h8bca6fd_2.conda
  hash:
    md5: ed613582de7b8569fdc53ca141be176a
    sha256: 7e12d0496389017ca526254913b24d9024e1728c849a0d6476a4b7fde9d03cba
  optional: false
  category: main
  build: h8bca6fd_2
  arch: x86_64
  subdir: linux-64
  build_number: 2
  license: GPL-3.0-only WITH GCC-exception-3.1
  license_family: GPL
  size: 2405867
  timestamp: 1695218559716
- name: libgcc-ng
  version: 13.2.0
  manager: conda
  platform: linux-64
  dependencies:
    _libgcc_mutex: ==0.1 conda_forge
    _openmp_mutex: '>=4.5'
  url: https://conda.anaconda.org/conda-forge/linux-64/libgcc-ng-13.2.0-h807b86a_2.conda
  hash:
    md5: c28003b0be0494f9a7664389146716ff
    sha256: d361d3c87c376642b99c1fc25cddec4b9905d3d9b9203c1c545b8c8c1b04539a
  optional: false
  category: main
  build: h807b86a_2
  arch: x86_64
  subdir: linux-64
  build_number: 2
  constrains:
  - libgomp 13.2.0 h807b86a_2
  license: GPL-3.0-only WITH GCC-exception-3.1
  license_family: GPL
  size: 771133
  timestamp: 1695219384393
- name: libgfortran5
  version: 13.2.0
  manager: conda
  platform: linux-64
  dependencies:
    libgcc-ng: '>=13.2.0'
  url: https://conda.anaconda.org/conda-forge/linux-64/libgfortran5-13.2.0-ha4646dd_2.conda
  hash:
    md5: 78fdab09d9138851dde2b5fe2a11019e
    sha256: 55ecf5c46c05a98b4822a041d6e1cb196a7b0606126eb96b24131b7d2c8ca561
  optional: false
  category: main
  build: ha4646dd_2
  arch: x86_64
  subdir: linux-64
  build_number: 2
  constrains:
  - libgfortran-ng 13.2.0
  license: GPL-3.0-only WITH GCC-exception-3.1
  license_family: GPL
  size: 1441830
  timestamp: 1695219403435
- name: libgomp
  version: 13.2.0
  manager: conda
  platform: linux-64
  dependencies:
    _libgcc_mutex: ==0.1 conda_forge
  url: https://conda.anaconda.org/conda-forge/linux-64/libgomp-13.2.0-h807b86a_2.conda
  hash:
    md5: e2042154faafe61969556f28bade94b9
    sha256: e1e82348f8296abfe344162b3b5f0ddc2f504759ebeb8b337ba99beaae583b15
  optional: false
  category: main
  build: h807b86a_2
  arch: x86_64
  subdir: linux-64
  build_number: 2
  license: GPL-3.0-only WITH GCC-exception-3.1
  license_family: GPL
  size: 421133
  timestamp: 1695219303065
- name: libnghttp2
  version: 1.52.0
  manager: conda
  platform: linux-64
  dependencies:
    c-ares: '>=1.18.1,<2.0a0'
    libev: '>=4.33,<4.34.0a0'
    libgcc-ng: '>=12'
    libstdcxx-ng: '>=12'
    libzlib: '>=1.2.13,<1.3.0a0'
    openssl: '>=3.0.8,<4.0a0'
  url: https://conda.anaconda.org/conda-forge/linux-64/libnghttp2-1.52.0-h61bc06f_0.conda
  hash:
    md5: 613955a50485812985c059e7b269f42e
    sha256: ecd6b08c2b5abe7d1586428c4dd257dcfa00ee53700d79cdc8bca098fdfbd79a
  optional: false
  category: main
  build: h61bc06f_0
  arch: x86_64
  subdir: linux-64
  build_number: 0
  license: MIT
  license_family: MIT
  size: 622366
  timestamp: 1677678076121
- name: libnsl
  version: 2.0.0
  manager: conda
  platform: linux-64
  dependencies:
    libgcc-ng: '>=12'
  url: https://conda.anaconda.org/conda-forge/linux-64/libnsl-2.0.0-hd590300_1.conda
  hash:
    md5: 854e3e1623b39777140f199c5f9ab952
    sha256: c0a0c0abc1c17983168c3239d79a62d53c424bc5dd1764dbcd0fa953d6fce5e0
  optional: false
  category: main
  build: hd590300_1
  arch: x86_64
  subdir: linux-64
  build_number: 1
  license: LGPL-2.1-only
  license_family: GPL
  size: 33210
  timestamp: 1695799598317
- name: libsanitizer
  version: 12.3.0
  manager: conda
  platform: linux-64
  dependencies:
    libgcc-ng: '>=12.3.0'
  url: https://conda.anaconda.org/conda-forge/linux-64/libsanitizer-12.3.0-h0f45ef3_2.conda
  hash:
    md5: 4655db64eca78a6fcc4fb654fc1f8d57
    sha256: a58add0b4477c59aee324b508d834267360b659f9c543f551ca4442196e656fe
  optional: false
  category: main
  build: h0f45ef3_2
  arch: x86_64
  subdir: linux-64
  build_number: 2
  license: GPL-3.0-only WITH GCC-exception-3.1
  license_family: GPL
  size: 3910499
  timestamp: 1695218679356
- name: libsqlite
  version: 3.43.0
  manager: conda
  platform: linux-64
  dependencies:
    libgcc-ng: '>=12'
    libzlib: '>=1.2.13,<1.3.0a0'
  url: https://conda.anaconda.org/conda-forge/linux-64/libsqlite-3.43.0-h2797004_0.conda
  hash:
    md5: 903fa782a9067d5934210df6d79220f6
    sha256: e715fab7ec6b3f3df2a5962ef372ff0f871d215fe819482dcd80357999513652
  optional: false
  category: main
  build: h2797004_0
  arch: x86_64
  subdir: linux-64
  build_number: 0
  license: Unlicense
  size: 840871
  timestamp: 1692911324643
- name: libssh2
  version: 1.11.0
  manager: conda
  platform: linux-64
  dependencies:
    libgcc-ng: '>=12'
    libzlib: '>=1.2.13,<1.3.0a0'
    openssl: '>=3.1.1,<4.0a0'
  url: https://conda.anaconda.org/conda-forge/linux-64/libssh2-1.11.0-h0841786_0.conda
  hash:
    md5: 1f5a58e686b13bcfde88b93f547d23fe
    sha256: 50e47fd9c4f7bf841a11647ae7486f65220cfc988ec422a4475fe8d5a823824d
  optional: false
  category: main
  build: h0841786_0
  arch: x86_64
  subdir: linux-64
  build_number: 0
  license: BSD-3-Clause
  license_family: BSD
  size: 271133
  timestamp: 1685837707056
- name: libstdcxx-devel_linux-64
  version: 12.3.0
  manager: conda
  platform: linux-64
  dependencies: {}
  url: https://conda.anaconda.org/conda-forge/linux-64/libstdcxx-devel_linux-64-12.3.0-h8bca6fd_2.conda
  hash:
    md5: 7268a17e56eb099d1b8869bbbf46de4c
    sha256: e8483069599561ef24b884c898442eadc510190f978fa388db3281b10c3c084e
  optional: false
  category: main
  build: h8bca6fd_2
  arch: x86_64
  subdir: linux-64
  build_number: 2
  license: GPL-3.0-only WITH GCC-exception-3.1
  license_family: GPL
  size: 8542654
  timestamp: 1695218598349
- name: libstdcxx-ng
  version: 13.2.0
  manager: conda
  platform: linux-64
  dependencies: {}
  url: https://conda.anaconda.org/conda-forge/linux-64/libstdcxx-ng-13.2.0-h7e041cc_2.conda
  hash:
    md5: 9172c297304f2a20134fc56c97fbe229
    sha256: ab22ecdc974cdbe148874ea876d9c564294d5eafa760f403ed4fd495307b4243
  optional: false
  category: main
  build: h7e041cc_2
  arch: x86_64
  subdir: linux-64
  build_number: 2
  license: GPL-3.0-only WITH GCC-exception-3.1
  license_family: GPL
  size: 3842773
  timestamp: 1695219454837
- name: libuuid
  version: 2.38.1
  manager: conda
  platform: linux-64
  dependencies:
    libgcc-ng: '>=12'
  url: https://conda.anaconda.org/conda-forge/linux-64/libuuid-2.38.1-h0b41bf4_0.conda
  hash:
    md5: 40b61aab5c7ba9ff276c41cfffe6b80b
    sha256: 787eb542f055a2b3de553614b25f09eefb0a0931b0c87dbcce6efdfd92f04f18
  optional: false
  category: main
  build: h0b41bf4_0
  arch: x86_64
  subdir: linux-64
  build_number: 0
  license: BSD-3-Clause
  license_family: BSD
  size: 33601
  timestamp: 1680112270483
- name: libuv
  version: 1.46.0
  manager: conda
  platform: linux-64
  dependencies:
    libgcc-ng: '>=12'
  url: https://conda.anaconda.org/conda-forge/linux-64/libuv-1.46.0-hd590300_0.conda
  hash:
    md5: d23c76f7e6dcd6243d1b6ef5e62d17d2
    sha256: 4bc4c946e9a532c066442714eeeeb1ffbd03cd89789c4047293f5e782b5fedd7
  optional: false
  category: main
  build: hd590300_0
  arch: x86_64
  subdir: linux-64
  build_number: 0
  license: MIT
  license_family: MIT
  size: 893348
  timestamp: 1693539405436
- name: libzlib
  version: 1.2.13
  manager: conda
  platform: linux-64
  dependencies:
    libgcc-ng: '>=12'
  url: https://conda.anaconda.org/conda-forge/linux-64/libzlib-1.2.13-hd590300_5.conda
  hash:
    md5: f36c115f1ee199da648e0597ec2047ad
    sha256: 370c7c5893b737596fd6ca0d9190c9715d89d888b8c88537ae1ef168c25e82e4
  optional: false
  category: main
  build: hd590300_5
  arch: x86_64
  subdir: linux-64
  build_number: 5
  constrains:
  - zlib 1.2.13 *_5
  license: Zlib
  license_family: Other
  size: 61588
  timestamp: 1686575217516
- name: make
  version: '4.3'
  manager: conda
  platform: linux-64
  dependencies:
    libgcc-ng: '>=7.5.0'
  url: https://conda.anaconda.org/conda-forge/linux-64/make-4.3-hd18ef5c_1.tar.bz2
  hash:
    md5: 4049ebfd3190b580dffe76daed26155a
    sha256: 4a5fe7c80bb0de0015328e2d3fc8db1736f528cb1fd53cd0d5527e24269a4f7c
  optional: false
  category: main
  build: hd18ef5c_1
  arch: x86_64
  subdir: linux-64
  build_number: 1
  license: GPL-3.0-or-later
  license_family: GPL
  size: 518896
  timestamp: 1602706451788
- name: ncurses
  version: '6.4'
  manager: conda
  platform: linux-64
  dependencies:
    libgcc-ng: '>=12'
  url: https://conda.anaconda.org/conda-forge/linux-64/ncurses-6.4-hcb278e6_0.conda
  hash:
    md5: 681105bccc2a3f7f1a837d47d39c9179
    sha256: ccf61e61d58a8a7b2d66822d5568e2dc9387883dd9b2da61e1d787ece4c4979a
  optional: false
  category: main
  build: hcb278e6_0
  arch: x86_64
  subdir: linux-64
  build_number: 0
  license: X11 AND BSD-3-Clause
  size: 880967
  timestamp: 1686076725450
- name: nodeenv
  version: 1.8.0
  manager: conda
  platform: linux-64
  dependencies:
    python: ==2.7|>=3.7
    setuptools: '*'
  url: https://conda.anaconda.org/conda-forge/noarch/nodeenv-1.8.0-pyhd8ed1ab_0.conda
  hash:
    md5: 2a75b296096adabbabadd5e9782e5fcc
    sha256: 1320306234552717149f36f825ddc7e27ea295f24829e9db4cc6ceaff0b032bd
  optional: false
  category: main
  build: pyhd8ed1ab_0
  arch: x86_64
  subdir: linux-64
  build_number: 0
  license: BSD-3-Clause
  license_family: BSD
  noarch: python
  size: 34358
  timestamp: 1683893151613
- name: openssl
  version: 3.1.3
  manager: conda
  platform: linux-64
  dependencies:
    ca-certificates: '*'
    libgcc-ng: '>=12'
  url: https://conda.anaconda.org/conda-forge/linux-64/openssl-3.1.3-hd590300_0.conda
  hash:
    md5: 7bb88ce04c8deb9f7d763ae04a1da72f
    sha256: f4e35f506c7e8ab7dfdc47255b0d5aa8ce0c99028ae0affafd274333042c4f70
  optional: false
  category: main
  build: hd590300_0
  arch: x86_64
  subdir: linux-64
  build_number: 0
  constrains:
  - pyopenssl >=22.1
  license: Apache-2.0
  license_family: Apache
  size: 2642850
  timestamp: 1695158025027
- name: pkg-config
  version: 0.29.2
  manager: conda
  platform: linux-64
  dependencies:
    libgcc-ng: '>=7.5.0'
  url: https://conda.anaconda.org/conda-forge/linux-64/pkg-config-0.29.2-h36c2ea0_1008.tar.bz2
  hash:
    md5: fbef41ff6a4c8140c30057466a1cdd47
    sha256: 8b35a077ceccdf6888f1e82bd3ea281175014aefdc2d4cf63d7a4c7e169c125c
  optional: false
  category: main
  build: h36c2ea0_1008
  arch: x86_64
  subdir: linux-64
  build_number: 1008
  license: GPL-2.0-or-later
  license_family: GPL
  size: 123341
  timestamp: 1604184579935
- name: platformdirs
  version: 3.11.0
  manager: conda
  platform: linux-64
  dependencies:
    python: '>=3.7'
    typing-extensions: '>=4.6.3'
  url: https://conda.anaconda.org/conda-forge/noarch/platformdirs-3.11.0-pyhd8ed1ab_0.conda
  hash:
    md5: 8f567c0a74aa44cf732f15773b4083b0
    sha256: b3d809ff5a18ee8514bba8bc05a23b4cdf1758090a18a2cf742af38aed405144
  optional: false
  category: main
  build: pyhd8ed1ab_0
  arch: x86_64
  subdir: linux-64
  build_number: 0
  license: MIT
  license_family: MIT
  noarch: python
  size: 19985
  timestamp: 1696272419779
- name: pre-commit
  version: 3.3.3
  manager: conda
  platform: linux-64
  dependencies:
    cfgv: '>=2.0.0'
    identify: '>=1.0.0'
    nodeenv: '>=0.11.1'
    python: '>=3.8'
    pyyaml: '>=5.1'
    virtualenv: '>=20.10.0'
  url: https://conda.anaconda.org/conda-forge/noarch/pre-commit-3.3.3-pyha770c72_0.conda
  hash:
    md5: dd64a0e440754ed97610b3e6b502b6b1
    sha256: 3df1434057ce827d88cdd84578732030b3d4b5a0bc6c58bff12b7f8001c1be5b
  optional: false
  category: main
  build: pyha770c72_0
  arch: x86_64
  subdir: linux-64
  build_number: 0
  license: MIT
  license_family: MIT
  noarch: python
  size: 179852
  timestamp: 1686749032780
- name: pycparser
  version: '2.21'
  manager: conda
  platform: linux-64
  dependencies:
    python: 2.7.*|>=3.4
  url: https://conda.anaconda.org/conda-forge/noarch/pycparser-2.21-pyhd8ed1ab_0.tar.bz2
  hash:
    md5: 076becd9e05608f8dc72757d5f3a91ff
    sha256: 74c63fd03f1f1ea2b54e8bc529fd1a600aaafb24027b738d0db87909ee3a33dc
  optional: false
  category: main
  build: pyhd8ed1ab_0
  arch: x86_64
  subdir: linux-64
  build_number: 0
  license: BSD-3-Clause
  license_family: BSD
  noarch: python
  size: 102747
  timestamp: 1636257201998
- name: python
  version: 3.11.5
  manager: conda
  platform: linux-64
  dependencies:
    bzip2: '>=1.0.8,<2.0a0'
    ld_impl_linux-64: '>=2.36.1'
    libexpat: '>=2.5.0,<3.0a0'
    libffi: '>=3.4,<4.0a0'
    libgcc-ng: '>=12'
    libnsl: '>=2.0.0,<2.1.0a0'
    libsqlite: '>=3.43.0,<4.0a0'
    libuuid: '>=2.38.1,<3.0a0'
    libzlib: '>=1.2.13,<1.3.0a0'
    ncurses: '>=6.4,<7.0a0'
    openssl: '>=3.1.2,<4.0a0'
    readline: '>=8.2,<9.0a0'
    tk: '>=8.6.12,<8.7.0a0'
    tzdata: '*'
    xz: '>=5.2.6,<6.0a0'
  url: https://conda.anaconda.org/conda-forge/linux-64/python-3.11.5-hab00c5b_0_cpython.conda
  hash:
    md5: f0288cb82594b1cbc71111d1cd3c5422
    sha256: 920fe89dbc4aaf910e7a37cb4d865eaabe7ff1e5e6c3888d56fe7742ab181448
  optional: false
  category: main
  build: hab00c5b_0_cpython
  arch: x86_64
  subdir: linux-64
  build_number: 0
  constrains:
  - python_abi 3.11.* *_cp311
  license: Python-2.0
  size: 30813149
  timestamp: 1693108705832
- name: python_abi
  version: '3.11'
  manager: conda
  platform: linux-64
  dependencies: {}
  url: https://conda.anaconda.org/conda-forge/linux-64/python_abi-3.11-4_cp311.conda
  hash:
    md5: d786502c97404c94d7d58d258a445a65
    sha256: 0be3ac1bf852d64f553220c7e6457e9c047dfb7412da9d22fbaa67e60858b3cf
  optional: false
  category: main
  build: 4_cp311
  arch: x86_64
  subdir: linux-64
  build_number: 4
  constrains:
  - python 3.11.* *_cpython
  license: BSD-3-Clause
  license_family: BSD
  size: 6385
  timestamp: 1695147338551
- name: pyyaml
  version: 6.0.1
  manager: conda
  platform: linux-64
  dependencies:
    libgcc-ng: '>=12'
    python: '>=3.11,<3.12.0a0'
    python_abi: 3.11.* *_cp311
    yaml: '>=0.2.5,<0.3.0a0'
  url: https://conda.anaconda.org/conda-forge/linux-64/pyyaml-6.0.1-py311h459d7ec_1.conda
  hash:
    md5: 52719a74ad130de8fb5d047dc91f247a
    sha256: 28729ef1ffa7f6f9dfd54345a47c7faac5d34296d66a2b9891fb147f4efe1348
  optional: false
  category: main
  build: py311h459d7ec_1
  arch: x86_64
  subdir: linux-64
  build_number: 1
  license: MIT
  license_family: MIT
  size: 200626
  timestamp: 1695373818537
- name: readline
  version: '8.2'
  manager: conda
  platform: linux-64
  dependencies:
    libgcc-ng: '>=12'
    ncurses: '>=6.3,<7.0a0'
  url: https://conda.anaconda.org/conda-forge/linux-64/readline-8.2-h8228510_1.conda
  hash:
    md5: 47d31b792659ce70f470b5c82fdfb7a4
    sha256: 5435cf39d039387fbdc977b0a762357ea909a7694d9528ab40f005e9208744d7
  optional: false
  category: main
  build: h8228510_1
  arch: x86_64
  subdir: linux-64
  build_number: 1
  license: GPL-3.0-only
  license_family: GPL
  size: 281456
  timestamp: 1679532220005
- name: rhash
  version: 1.4.4
  manager: conda
  platform: linux-64
  dependencies:
    libgcc-ng: '>=12'
  url: https://conda.anaconda.org/conda-forge/linux-64/rhash-1.4.4-hd590300_0.conda
  hash:
    md5: ec972a9a2925ac8d7a19eb9606561fff
    sha256: 12711d2d4a808a503c2e49b25d26ecb351435521e814c154e682dd2be71c2611
  optional: false
  category: main
  build: hd590300_0
  arch: x86_64
  subdir: linux-64
  build_number: 0
  license: MIT
  license_family: MIT
  size: 185144
  timestamp: 1693455923632
- name: rust
  version: 1.70.0
  manager: conda
  platform: linux-64
  dependencies:
    gcc_impl_linux-64: '*'
    libgcc-ng: '>=12'
    libzlib: '>=1.2.13,<1.3.0a0'
    rust-std-x86_64-unknown-linux-gnu: ==1.70.0 hc1431ca_0
  url: https://conda.anaconda.org/conda-forge/linux-64/rust-1.70.0-h70c747d_0.conda
  hash:
    md5: 8a2c7746d5ecd02bd24ffef161eb7df4
    sha256: 760931bd88a481b123266e7fad6c853ce226e40ee15219baa1ff823353d8c44a
  optional: false
  category: main
  build: h70c747d_0
  arch: x86_64
  subdir: linux-64
  build_number: 0
  license: MIT
  license_family: MIT
  size: 205224838
  timestamp: 1685996813786
- name: rust-std-x86_64-unknown-linux-gnu
  version: 1.70.0
  manager: conda
  platform: linux-64
  dependencies: {}
  url: https://conda.anaconda.org/conda-forge/noarch/rust-std-x86_64-unknown-linux-gnu-1.70.0-hc1431ca_0.conda
  hash:
    md5: a1047542eaa0926288779f5c513bc675
    sha256: aa4dff453effbb17ce1057f37151c97ebfb701f439febd9b7d7f856bb1a799f3
  optional: false
  category: main
  build: hc1431ca_0
  arch: x86_64
  subdir: linux-64
  build_number: 0
  constrains:
  - rust >=1.70.0,<1.70.1.0a0
  license: MIT
  license_family: MIT
  noarch: generic
  size: 35115313
  timestamp: 1685996653436
- name: setuptools
  version: 68.2.2
  manager: conda
  platform: linux-64
  dependencies:
    python: '>=3.7'
  url: https://conda.anaconda.org/conda-forge/noarch/setuptools-68.2.2-pyhd8ed1ab_0.conda
  hash:
    md5: fc2166155db840c634a1291a5c35a709
    sha256: 851901b1f8f2049edb36a675f0c3f9a98e1495ef4eb214761b048c6f696a06f7
  optional: false
  category: main
  build: pyhd8ed1ab_0
  arch: x86_64
  subdir: linux-64
  build_number: 0
  license: MIT
  license_family: MIT
  noarch: python
  size: 464399
  timestamp: 1694548452441
- name: sysroot_linux-64
  version: '2.12'
  manager: conda
  platform: linux-64
  dependencies:
    kernel-headers_linux-64: ==2.6.32 he073ed8_16
  url: https://conda.anaconda.org/conda-forge/noarch/sysroot_linux-64-2.12-he073ed8_16.conda
  hash:
    md5: 071ea8dceff4d30ac511f4a2f8437cd1
    sha256: 4c024b2eee24c6da7d3e08723111ec02665c578844c5b3e9e6b38f89000bec41
  optional: false
  category: main
  build: he073ed8_16
  arch: x86_64
  subdir: linux-64
  build_number: 16
  license: LGPL-2.0-or-later AND LGPL-2.0-or-later WITH exceptions AND GPL-2.0-or-later AND MPL-2.0
  license_family: GPL
  noarch: generic
  size: 15277813
  timestamp: 1689214980563
- name: tk
  version: 8.6.13
  manager: conda
  platform: linux-64
  dependencies:
    libgcc-ng: '>=12'
    libzlib: '>=1.2.13,<1.3.0a0'
  url: https://conda.anaconda.org/conda-forge/linux-64/tk-8.6.13-h2797004_0.conda
  hash:
    md5: 513336054f884f95d9fd925748f41ef3
    sha256: 679e944eb93fde45d0963a22598fafacbb429bb9e7ee26009ba81c4e0c435055
  optional: false
  category: main
  build: h2797004_0
  arch: x86_64
  subdir: linux-64
  build_number: 0
  license: TCL
  license_family: BSD
  size: 3290187
  timestamp: 1695506262576
- name: typing-extensions
  version: 4.8.0
  manager: conda
  platform: linux-64
  dependencies:
    typing_extensions: ==4.8.0 pyha770c72_0
  url: https://conda.anaconda.org/conda-forge/noarch/typing-extensions-4.8.0-hd8ed1ab_0.conda
  hash:
    md5: 384462e63262a527bda564fa2d9126c0
    sha256: d6e1dddd0c372218ef15912383d351ac8c73465cbf16238017f0269813cafe2d
  optional: false
  category: main
  build: hd8ed1ab_0
  arch: x86_64
  subdir: linux-64
  build_number: 0
  license: PSF-2.0
  license_family: PSF
  noarch: python
  size: 10104
  timestamp: 1695040958008
- name: typing_extensions
  version: 4.8.0
  manager: conda
  platform: linux-64
  dependencies:
    python: '>=3.8'
  url: https://conda.anaconda.org/conda-forge/noarch/typing_extensions-4.8.0-pyha770c72_0.conda
  hash:
    md5: 5b1be40a26d10a06f6d4f1f9e19fa0c7
    sha256: 38d16b5c53ec1af845d37d22e7bb0e6c934c7f19499123507c5a470f6f8b7dde
  optional: false
  category: main
  build: pyha770c72_0
  arch: x86_64
  subdir: linux-64
  build_number: 0
  license: PSF-2.0
  license_family: PSF
  noarch: python
  size: 35108
  timestamp: 1695040948828
- name: tzdata
  version: 2023c
  manager: conda
  platform: linux-64
  dependencies: {}
  url: https://conda.anaconda.org/conda-forge/noarch/tzdata-2023c-h71feb2d_0.conda
  hash:
    md5: 939e3e74d8be4dac89ce83b20de2492a
    sha256: 0449138224adfa125b220154408419ec37c06b0b49f63c5954724325903ecf55
  optional: false
  category: main
  build: h71feb2d_0
  arch: x86_64
  subdir: linux-64
  build_number: 0
  license: LicenseRef-Public-Domain
  noarch: generic
  size: 117580
  timestamp: 1680041306008
- name: ukkonen
  version: 1.0.1
  manager: conda
  platform: linux-64
  dependencies:
    cffi: '*'
    libgcc-ng: '>=12'
    libstdcxx-ng: '>=12'
    python: '>=3.11,<3.12.0a0'
    python_abi: 3.11.* *_cp311
  url: https://conda.anaconda.org/conda-forge/linux-64/ukkonen-1.0.1-py311h9547e67_4.conda
  hash:
    md5: 586da7df03b68640de14dc3e8bcbf76f
    sha256: c2d33e998f637b594632eba3727529171a06eb09896e36aa42f1ebcb03779472
  optional: false
  category: main
  build: py311h9547e67_4
  arch: x86_64
  subdir: linux-64
  build_number: 4
  license: MIT
  license_family: MIT
  size: 13961
  timestamp: 1695549513130
- name: virtualenv
  version: 20.24.4
  manager: conda
  platform: linux-64
  dependencies:
    distlib: <1,>=0.3.7
    filelock: <4,>=3.12.2
    platformdirs: <4,>=3.9.1
    python: '>=3.8'
  url: https://conda.anaconda.org/conda-forge/noarch/virtualenv-20.24.4-pyhd8ed1ab_0.conda
  hash:
    md5: c3feaf947264a59a125e8c26e98c3c5a
    sha256: 85c96449202ca87ec12783d8675b3655b4cd7b7afe49f2dc37d743adb0ed177f
  optional: false
  category: main
  build: pyhd8ed1ab_0
  arch: x86_64
  subdir: linux-64
  build_number: 0
  license: MIT
  license_family: MIT
  noarch: python
  size: 3037516
  timestamp: 1693423086816
- name: xz
  version: 5.2.6
  manager: conda
  platform: linux-64
  dependencies:
    libgcc-ng: '>=12'
  url: https://conda.anaconda.org/conda-forge/linux-64/xz-5.2.6-h166bdaf_0.tar.bz2
  hash:
    md5: 2161070d867d1b1204ea749c8eec4ef0
    sha256: 03a6d28ded42af8a347345f82f3eebdd6807a08526d47899a42d62d319609162
  optional: false
  category: main
  build: h166bdaf_0
  arch: x86_64
  subdir: linux-64
  build_number: 0
  license: LGPL-2.1 and GPL-2.0
  size: 418368
  timestamp: 1660346797927
- name: yaml
  version: 0.2.5
  manager: conda
  platform: linux-64
  dependencies:
    libgcc-ng: '>=9.4.0'
  url: https://conda.anaconda.org/conda-forge/linux-64/yaml-0.2.5-h7f98852_2.tar.bz2
  hash:
    md5: 4cb3ad778ec2d5a7acbdf254eb1c42ae
    sha256: a4e34c710eeb26945bdbdaba82d3d74f60a78f54a874ec10d373811a5d217535
  optional: false
  category: main
  build: h7f98852_2
  arch: x86_64
  subdir: linux-64
  build_number: 2
  license: MIT
  license_family: MIT
  size: 89141
  timestamp: 1641346969816
- name: zstd
  version: 1.5.5
  manager: conda
  platform: linux-64
  dependencies:
    libgcc-ng: '>=12'
    libstdcxx-ng: '>=12'
    libzlib: '>=1.2.13,<1.3.0a0'
  url: https://conda.anaconda.org/conda-forge/linux-64/zstd-1.5.5-hfc55251_0.conda
  hash:
    md5: 04b88013080254850d6c01ed54810589
    sha256: 607cbeb1a533be98ba96cf5cdf0ddbb101c78019f1fda063261871dad6248609
  optional: false
  category: main
  build: hfc55251_0
  arch: x86_64
  subdir: linux-64
  build_number: 0
  license: BSD-3-Clause
  license_family: BSD
  size: 545199
  timestamp: 1693151163452
version: 1
