version: 2
metadata:
  content_hash:
    osx-arm64: e90c2ee71ad70fc0a1c8302029533a7d1498f2bffcd0eaa8d2934700e775dc1d
  channels:
  - url: https://conda.anaconda.org/conda-forge/
    used_env_vars: []
  platforms:
  - osx-arm64
  sources: []
  time_metadata: null
  git_metadata: null
  inputs_metadata: null
  custom_metadata: null
package:
- platform: osx-arm64
  name: babel
  version: 2.13.1
  category: main
  manager: conda
  dependencies:
  - python >=3.7
  - pytz
  - setuptools
  url: https://conda.anaconda.org/conda-forge/noarch/babel-2.13.1-pyhd8ed1ab_0.conda
  hash:
    md5: 3ccff479c246692468f604df9c85ef26
    sha256: 1f955c700db16f65b16c9e9c1613436480d5497970b8030b7a9ebe1620cc2147
  build: pyhd8ed1ab_0
  arch: aarch64
  subdir: osx-arm64
  build_number: 0
  license: BSD-3-Clause
  license_family: BSD
  noarch: python
  size: 6948100
  timestamp: 1698174685067
- platform: osx-arm64
  name: black
  version: 23.7.0
  category: main
  manager: conda
  dependencies:
  - click >=8.0.0
  - mypy_extensions >=0.4.3
  - packaging >=22.0
  - pathspec >=0.9
  - platformdirs >=2
  - python >=3.11,<3.12.0a0
  - python >=3.11,<3.12.0a0 *_cpython
  - python_abi 3.11.* *_cp311
  url: https://conda.anaconda.org/conda-forge/osx-arm64/black-23.7.0-py311h267d04e_1.conda
  hash:
    md5: 55c4246206ef4b4e910d052ebf15edac
    sha256: 8854ff7a5546e915bae9c6cf4ec7d341b73eb5f1f9fd94b49c40769289b2440b
  build: py311h267d04e_1
  arch: aarch64
  subdir: osx-arm64
  build_number: 1
  license: MIT
  license_family: MIT
  size: 355408
  timestamp: 1689093331641
- platform: osx-arm64
  name: brotli-python
  version: 1.1.0
  category: main
  manager: conda
  dependencies:
  - libcxx >=15.0.7
  - python >=3.11,<3.12.0a0
  - python >=3.11,<3.12.0a0 *_cpython
  - python_abi 3.11.* *_cp311
  url: https://conda.anaconda.org/conda-forge/osx-arm64/brotli-python-1.1.0-py311ha891d26_1.conda
  hash:
    md5: 5e802b015e33447d1283d599d21f052b
    sha256: 2d78c79ccf2c17236c52ef217a4c34b762eb7908a6903d94439f787aac1c8f4b
  build: py311ha891d26_1
  arch: aarch64
  subdir: osx-arm64
  build_number: 1
  constrains:
  - libbrotlicommon 1.1.0 hb547adb_1
  license: MIT
  license_family: MIT
  size: 343332
  timestamp: 1695991223439
- platform: osx-arm64
  name: bzip2
  version: 1.0.8
  category: main
  manager: conda
  dependencies: []
  url: https://conda.anaconda.org/conda-forge/osx-arm64/bzip2-1.0.8-h93a5062_5.conda
  hash:
    md5: 1bbc659ca658bfd49a481b5ef7a0f40f
    sha256: bfa84296a638bea78a8bb29abc493ee95f2a0218775642474a840411b950fe5f
  build: h93a5062_5
  arch: aarch64
  subdir: osx-arm64
  build_number: 5
  license: bzip2-1.0.6
  license_family: BSD
  size: 122325
  timestamp: 1699280294368
- platform: osx-arm64
  name: ca-certificates
  version: 2023.11.17
  category: main
  manager: conda
  dependencies: []
  url: https://conda.anaconda.org/conda-forge/osx-arm64/ca-certificates-2023.11.17-hf0a4a13_0.conda
  hash:
    md5: c01da7c77cfcba2107174e25c1d47384
    sha256: 75f4762a55f7e9453a603c967d549bfa0a7a9669d502d103cb6fbf8c86d993c6
  build: hf0a4a13_0
  arch: aarch64
  subdir: osx-arm64
  build_number: 0
  license: ISC
  size: 154444
  timestamp: 1700280972188
- platform: osx-arm64
  name: certifi
  version: 2023.11.17
  category: main
  manager: conda
  dependencies:
  - python >=3.7
  url: https://conda.anaconda.org/conda-forge/noarch/certifi-2023.11.17-pyhd8ed1ab_0.conda
  hash:
    md5: 2011bcf45376341dd1d690263fdbc789
    sha256: afa22b77128a812cb57bc707c297d926561bd225a3d9dd74205d87a3b2d14a96
  build: pyhd8ed1ab_0
  arch: aarch64
  subdir: osx-arm64
  build_number: 0
  license: ISC
  noarch: python
  size: 158939
  timestamp: 1700303562512
- platform: osx-arm64
  name: charset-normalizer
  version: 3.3.2
  category: main
  manager: conda
  dependencies:
  - python >=3.7
  url: https://conda.anaconda.org/conda-forge/noarch/charset-normalizer-3.3.2-pyhd8ed1ab_0.conda
  hash:
    md5: 7f4a9e3fcff3f6356ae99244a014da6a
    sha256: 20cae47d31fdd58d99c4d2e65fbdcefa0b0de0c84e455ba9d6356a4bdbc4b5b9
  build: pyhd8ed1ab_0
  arch: aarch64
  subdir: osx-arm64
  build_number: 0
  license: MIT
  license_family: MIT
  noarch: python
  size: 46597
  timestamp: 1698833765762
- platform: osx-arm64
  name: click
  version: 8.1.7
  category: main
  manager: conda
  dependencies:
  - __unix
  - python >=3.8
  url: https://conda.anaconda.org/conda-forge/noarch/click-8.1.7-unix_pyh707e725_0.conda
  hash:
    md5: f3ad426304898027fc619827ff428eca
    sha256: f0016cbab6ac4138a429e28dbcb904a90305b34b3fe41a9b89d697c90401caec
  build: unix_pyh707e725_0
  arch: aarch64
  subdir: osx-arm64
  build_number: 0
  license: BSD-3-Clause
  license_family: BSD
  noarch: python
  size: 84437
  timestamp: 1692311973840
- platform: osx-arm64
  name: colorama
  version: 0.4.6
  category: main
  manager: conda
  dependencies:
  - python >=3.7
  url: https://conda.anaconda.org/conda-forge/noarch/colorama-0.4.6-pyhd8ed1ab_0.tar.bz2
  hash:
    md5: 3faab06a954c2a04039983f2c4a50d99
    sha256: 2c1b2e9755ce3102bca8d69e8f26e4f087ece73f50418186aee7c74bef8e1698
  build: pyhd8ed1ab_0
  arch: aarch64
  subdir: osx-arm64
  build_number: 0
  license: BSD-3-Clause
  license_family: BSD
  noarch: python
  size: 25170
  timestamp: 1666700778190
- platform: osx-arm64
  name: exceptiongroup
  version: 1.2.0
  category: main
  manager: conda
  dependencies:
  - python >=3.7
  url: https://conda.anaconda.org/conda-forge/noarch/exceptiongroup-1.2.0-pyhd8ed1ab_0.conda
  hash:
    md5: f6c211fee3c98229652b60a9a42ef363
    sha256: cf83dcaf9006015c8ccab3fc6770f478464a66a8769e1763ca5d7dff09d11d08
  build: pyhd8ed1ab_0
  arch: aarch64
  subdir: osx-arm64
  build_number: 0
  license: BSD-3-Clause
  license_family: BSD
  noarch: python
  size: 20473
  timestamp: 1700579932017
- platform: osx-arm64
  name: ghp-import
  version: 2.1.0
  category: main
  manager: conda
  dependencies:
  - python >=3.6
  - python-dateutil >=2.8.1
  url: https://conda.anaconda.org/conda-forge/noarch/ghp-import-2.1.0-pyhd8ed1ab_0.tar.bz2
  hash:
    md5: 6d8d61116031a3f5b1f32e7899785866
    sha256: 097d9b4c946b195800bc68f68393370049238509b08ef828c06fbf481bbc139c
  build: pyhd8ed1ab_0
  arch: aarch64
  subdir: osx-arm64
  build_number: 0
  license: LicenseRef-Tumbolia-Public
  noarch: python
  size: 15504
  timestamp: 1651585848291
- platform: osx-arm64
  name: griffe
  version: 0.38.0
  category: main
  manager: conda
  dependencies:
  - colorama >=0.4
  - python >=3.8
  url: https://conda.anaconda.org/conda-forge/noarch/griffe-0.38.0-pyhd8ed1ab_0.conda
  hash:
    md5: c98d36c09ac99a5ef7be6b110e89d664
    sha256: 94061917dee14ba7aaf37c2840386f3f3562431b0b57eccd8d25f206ef6e53be
  build: pyhd8ed1ab_0
  arch: aarch64
  subdir: osx-arm64
  build_number: 0
  license: MIT
  license_family: MIT
  noarch: python
  size: 384094
  timestamp: 1699946393284
- platform: osx-arm64
  name: idna
  version: '3.4'
  category: main
  manager: conda
  dependencies:
  - python >=3.6
  url: https://conda.anaconda.org/conda-forge/noarch/idna-3.4-pyhd8ed1ab_0.tar.bz2
  hash:
    md5: 34272b248891bddccc64479f9a7fffed
    sha256: 9887c35c374ec1847f167292d3fde023cb4c994a4ceeec283072b95440131f09
  build: pyhd8ed1ab_0
  arch: aarch64
  subdir: osx-arm64
  build_number: 0
  license: BSD-3-Clause
  license_family: BSD
  noarch: python
  size: 56742
  timestamp: 1663625484114
- platform: osx-arm64
  name: importlib-metadata
  version: 6.8.0
  category: main
  manager: conda
  dependencies:
  - python >=3.8
  - zipp >=0.5
  url: https://conda.anaconda.org/conda-forge/noarch/importlib-metadata-6.8.0-pyha770c72_0.conda
  hash:
    md5: 4e9f59a060c3be52bc4ddc46ee9b6946
    sha256: 2797ed927d65324309b6c630190d917b9f2111e0c217b721f80429aeb57f9fcf
  build: pyha770c72_0
  arch: aarch64
  subdir: osx-arm64
  build_number: 0
  license: Apache-2.0
  license_family: APACHE
  noarch: python
  size: 25910
  timestamp: 1688754651944
- platform: osx-arm64
  name: iniconfig
  version: 2.0.0
  category: main
  manager: conda
  dependencies:
  - python >=3.7
  url: https://conda.anaconda.org/conda-forge/noarch/iniconfig-2.0.0-pyhd8ed1ab_0.conda
  hash:
    md5: f800d2da156d08e289b14e87e43c1ae5
    sha256: 38740c939b668b36a50ef455b077e8015b8c9cf89860d421b3fff86048f49666
  build: pyhd8ed1ab_0
  arch: aarch64
  subdir: osx-arm64
  build_number: 0
  license: MIT
  license_family: MIT
  noarch: python
  size: 11101
  timestamp: 1673103208955
- platform: osx-arm64
  name: jinja2
  version: 3.1.2
  category: main
  manager: conda
  dependencies:
  - markupsafe >=2.0
  - python >=3.7
  url: https://conda.anaconda.org/conda-forge/noarch/jinja2-3.1.2-pyhd8ed1ab_1.tar.bz2
  hash:
    md5: c8490ed5c70966d232fdd389d0dbed37
    sha256: b045faba7130ab263db6a8fdc96b1a3de5fcf85c4a607c5f11a49e76851500b5
  build: pyhd8ed1ab_1
  arch: aarch64
  subdir: osx-arm64
  build_number: 1
  license: BSD-3-Clause
  license_family: BSD
  noarch: python
  size: 101443
  timestamp: 1654302514195
- platform: osx-arm64
  name: libcxx
  version: 16.0.6
  category: main
  manager: conda
  dependencies: []
  url: https://conda.anaconda.org/conda-forge/osx-arm64/libcxx-16.0.6-h4653b0c_0.conda
  hash:
    md5: 9d7d724faf0413bf1dbc5a85935700c8
    sha256: 11d3fb51c14832d9e4f6d84080a375dec21ea8a3a381a1910e67ff9cedc20355
  build: h4653b0c_0
  arch: aarch64
  subdir: osx-arm64
  build_number: 0
  license: Apache-2.0 WITH LLVM-exception
  license_family: Apache
  size: 1160232
  timestamp: 1686896993785
- platform: osx-arm64
  name: libexpat
  version: 2.5.0
  category: main
  manager: conda
  dependencies: []
  url: https://conda.anaconda.org/conda-forge/osx-arm64/libexpat-2.5.0-hb7217d7_1.conda
  hash:
    md5: 5a097ad3d17e42c148c9566280481317
    sha256: 7d143a9c991579ad4207f84c632650a571c66329090daa32b3c87cf7311c3381
  build: hb7217d7_1
  arch: aarch64
  subdir: osx-arm64
  build_number: 1
  constrains:
  - expat 2.5.0.*
  license: MIT
  license_family: MIT
  size: 63442
  timestamp: 1680190916539
- platform: osx-arm64
  name: libffi
  version: 3.4.2
  category: main
  manager: conda
  dependencies: []
  url: https://conda.anaconda.org/conda-forge/osx-arm64/libffi-3.4.2-h3422bc3_5.tar.bz2
  hash:
    md5: 086914b672be056eb70fd4285b6783b6
    sha256: 41b3d13efb775e340e4dba549ab5c029611ea6918703096b2eaa9c015c0750ca
  build: h3422bc3_5
  arch: aarch64
  subdir: osx-arm64
  build_number: 5
  license: MIT
  license_family: MIT
  size: 39020
  timestamp: 1636488587153
- platform: osx-arm64
  name: libsqlite
  version: 3.44.1
  category: main
  manager: conda
  dependencies:
  - libzlib >=1.2.13,<1.3.0a0
  url: https://conda.anaconda.org/conda-forge/osx-arm64/libsqlite-3.44.1-h091b4b1_0.conda
  hash:
    md5: 1750563ea42661aa9e83f1077e58b75a
    sha256: 03da3a7c97a9f24371ccb4d187454bac5db7463bd5a38c22fc5d91ee8b436515
  build: h091b4b1_0
  arch: aarch64
  subdir: osx-arm64
  build_number: 0
  license: Unlicense
  size: 815120
  timestamp: 1700684967912
- platform: osx-arm64
  name: libzlib
  version: 1.2.13
  category: main
  manager: conda
  dependencies: []
  url: https://conda.anaconda.org/conda-forge/osx-arm64/libzlib-1.2.13-h53f4e23_5.conda
  hash:
    md5: 1a47f5236db2e06a320ffa0392f81bd8
    sha256: ab1c8aefa2d54322a63aaeeefe9cf877411851738616c4068e0dccc66b9c758a
  build: h53f4e23_5
  arch: aarch64
  subdir: osx-arm64
  build_number: 5
  constrains:
  - zlib 1.2.13 *_5
  license: Zlib
  license_family: Other
  size: 48102
  timestamp: 1686575426584
- platform: osx-arm64
  name: markdown
  version: 3.5.1
  category: main
  manager: conda
  dependencies:
  - importlib-metadata >=4.4
  - python >=3.6
  url: https://conda.anaconda.org/conda-forge/noarch/markdown-3.5.1-pyhd8ed1ab_0.conda
  hash:
    md5: 323495027ffa625701129acebf861412
    sha256: 35e8990504cf8dc7e2bb63efd855fb0a0d5c0d77bf79403235e757c24a83ec1d
  build: pyhd8ed1ab_0
  arch: aarch64
  subdir: osx-arm64
  build_number: 0
  license: BSD-3-Clause
  license_family: BSD
  noarch: python
  size: 76573
  timestamp: 1698797645633
- platform: osx-arm64
  name: markupsafe
  version: 2.1.3
  category: main
  manager: conda
  dependencies:
  - python >=3.11,<3.12.0a0
  - python >=3.11,<3.12.0a0 *_cpython
  - python_abi 3.11.* *_cp311
  url: https://conda.anaconda.org/conda-forge/osx-arm64/markupsafe-2.1.3-py311heffc1b2_1.conda
  hash:
    md5: 5a7b68cb9eea46bea31aaf2d11d0dd2f
    sha256: 307c1e3b2e4a2a992a6c94975910adff88cc523e2c9a41e81b2d506d8c9e7359
  build: py311heffc1b2_1
  arch: aarch64
  subdir: osx-arm64
  build_number: 1
  constrains:
  - jinja2 >=3.0.0
  license: BSD-3-Clause
  license_family: BSD
  size: 26764
  timestamp: 1695368008221
- platform: osx-arm64
  name: maturin
  version: 1.2.3
  category: main
  manager: conda
  dependencies:
  - openssl >=3.1.3,<4.0a0
  - python >=3.11,<3.12.0a0
  - python >=3.11,<3.12.0a0 *_cpython
  - python_abi 3.11.* *_cp311
  - tomli >=1.1.0
  url: https://conda.anaconda.org/conda-forge/osx-arm64/maturin-1.2.3-py311h5fb2c35_1.conda
  hash:
    md5: 780d65d2967dc7987626a82daf99e3f5
    sha256: 9f700c486b99d82486179b3753cd3c659524894027e470a26c9f0d6e946c7107
  build: py311h5fb2c35_1
  arch: aarch64
  subdir: osx-arm64
  build_number: 1
  license: MIT
  license_family: MIT
  size: 4916128
  timestamp: 1695301464437
- platform: osx-arm64
  name: mergedeep
  version: 1.3.4
  category: main
  manager: conda
  dependencies:
  - python >=3.6
  url: https://conda.anaconda.org/conda-forge/noarch/mergedeep-1.3.4-pyhd8ed1ab_0.tar.bz2
  hash:
    md5: 1a160a3cab5cb6bd46264b52cd6f69a2
    sha256: 41ad8c16876820981adfc6e17a62935c950214bd9a9bb092e6aaefdc89a33f0b
  build: pyhd8ed1ab_0
  arch: aarch64
  subdir: osx-arm64
  build_number: 0
  license: MIT
  license_family: MIT
  noarch: python
  size: 9598
  timestamp: 1612711404414
- platform: osx-arm64
  name: mkdocs
  version: 1.5.3
  category: main
  manager: conda
  dependencies:
  - click >=7.0
  - colorama >=0.4
  - ghp-import >=1.0
  - importlib-metadata >=4.3
  - jinja2 >=2.11.1
  - markdown >=3.2.1
  - markupsafe >=2.0.1
  - mergedeep >=1.3.4
  - packaging >=20.5
  - pathspec >=0.11.1
  - platformdirs >=2.2.0
  - python >=3.7
  - pyyaml >=5.1
  - pyyaml-env-tag >=0.1
  - typing-extensions >=3.10
  - watchdog >=2.0
  url: https://conda.anaconda.org/conda-forge/noarch/mkdocs-1.5.3-pyhd8ed1ab_0.conda
  hash:
    md5: 1e432aebaa009b030cce33a554939d8e
    sha256: cd57f3805a38bc3b3356a37d4bd9af7e227972286f61eae3c88d356216bc7159
  build: pyhd8ed1ab_0
  arch: aarch64
  subdir: osx-arm64
  build_number: 0
  constrains:
  - babel >=2.9.0
  license: BSD-2-Clause
  license_family: BSD
  noarch: python
  size: 2862150
  timestamp: 1695086687269
- platform: osx-arm64
  name: mkdocs-autorefs
  version: 0.5.0
  category: main
  manager: conda
  dependencies:
  - markdown >=3.3
  - mkdocs >=1.1
  - python >=3.8,<4.0
  url: https://conda.anaconda.org/conda-forge/noarch/mkdocs-autorefs-0.5.0-pyhd8ed1ab_0.conda
  hash:
    md5: fa5f6051b6a581ad70702f33594840cb
    sha256: 9bf6a455ebeff9e58e8cb1467844be87066e0a05f4b53dcab132552968739957
  build: pyhd8ed1ab_0
  arch: aarch64
  subdir: osx-arm64
  build_number: 0
  license: ISC
  noarch: python
  size: 17631
  timestamp: 1691023192300
- platform: osx-arm64
  name: mkdocs-material
  version: 9.4.4
  category: main
  manager: conda
  dependencies:
  - babel ~=2.10
  - colorama ~=0.4
  - jinja2 ~=3.0
  - markdown ~=3.2
  - mkdocs ~=1.5
  - mkdocs-material-extensions ~=1.1
  - paginate ~=0.5
  - pygments ~=2.16
  - pymdown-extensions ~=10.2
  - python >=3.8
  - regex ~=2022.4
  - requests ~=2.26
  url: https://conda.anaconda.org/conda-forge/noarch/mkdocs-material-9.4.4-pyhd8ed1ab_0.conda
  hash:
    md5: 28d85ea8a0afd0fc07029ed11b103dbc
    sha256: 9bcf1aeae9c9fd79c8a0d9445c0ec4d5d4bae45a824b61762446486f3d6e1742
  build: pyhd8ed1ab_0
  arch: aarch64
  subdir: osx-arm64
  build_number: 0
  license: MIT
  license_family: MIT
  noarch: python
  size: 4723013
  timestamp: 1696558178032
- platform: osx-arm64
  name: mkdocs-material-extensions
  version: 1.3.1
  category: main
  manager: conda
  dependencies:
  - python >=3.8
  url: https://conda.anaconda.org/conda-forge/noarch/mkdocs-material-extensions-1.3.1-pyhd8ed1ab_0.conda
  hash:
    md5: 6e7e399b351756b9d181c64a362bdcb5
    sha256: e01a349f4816ba7513f8b230ca2c4f703a7ccc7f7d78535076f9215ca766ec78
  build: pyhd8ed1ab_0
  arch: aarch64
  subdir: osx-arm64
  build_number: 0
  constrains:
  - mkdocs-material >=5.0.0
  license: MIT
  license_family: MIT
  noarch: python
  size: 16011
  timestamp: 1700695213251
- platform: osx-arm64
  name: mkdocstrings
  version: 0.23.0
  category: main
  manager: conda
  dependencies:
  - importlib-metadata >=4.6
  - jinja2 >=2.11.1
  - markdown >=3.3
  - markupsafe >=1.1
  - mkdocs >=1.2
  - mkdocs-autorefs >=0.3.1
  - pymdown-extensions >=6.3
  - python >=3.7,<4.0
  - typing-extensions >=4.1
  url: https://conda.anaconda.org/conda-forge/noarch/mkdocstrings-0.23.0-pyhd8ed1ab_0.conda
  hash:
    md5: 76b6dde6060f62882bb1bc287e761937
    sha256: b830bc018d96b23aa4edcbd3d6ea1946fcad85eab15d26f9bd8524ac55bf2fe3
  build: pyhd8ed1ab_0
  arch: aarch64
  subdir: osx-arm64
  build_number: 0
  license: MIT
  license_family: MIT
  noarch: python
  size: 27463
  timestamp: 1693677802214
- platform: osx-arm64
  name: mkdocstrings-python
  version: 1.7.1
  category: main
  manager: conda
  dependencies:
  - griffe >=0.35
  - mkdocstrings >=0.20
  - python >=3.8
  url: https://conda.anaconda.org/conda-forge/noarch/mkdocstrings-python-1.7.1-pyhd8ed1ab_0.conda
  hash:
    md5: 1371264878dc8c7444dc531ef28b988b
    sha256: 9b06a3508e7e99895caded31cf0238ee81c065875bc05ecb5776785901df3af9
  build: pyhd8ed1ab_0
  arch: aarch64
  subdir: osx-arm64
  build_number: 0
  license: MIT
  license_family: MIT
  noarch: python
  size: 33588
  timestamp: 1695913202240
- platform: osx-arm64
  name: mypy
  version: 1.5.1
  category: main
  manager: conda
  dependencies:
  - mypy_extensions >=1.0.0
  - psutil >=4.0
  - python >=3.11,<3.12.0a0
  - python >=3.11,<3.12.0a0 *_cpython
  - python_abi 3.11.* *_cp311
  - typing_extensions >=4.1.0
  url: https://conda.anaconda.org/conda-forge/osx-arm64/mypy-1.5.1-py311heffc1b2_1.conda
  hash:
    md5: 203039724efb957d6671a93895b9ef7d
    sha256: ae2b0ecc61a801c283c89069765ed9e3287f95ac1c16fd107ae4c890882915c0
  build: py311heffc1b2_1
  arch: aarch64
  subdir: osx-arm64
  build_number: 1
  license: MIT
  license_family: MIT
  size: 9649818
  timestamp: 1695442543239
- platform: osx-arm64
  name: mypy_extensions
  version: 1.0.0
  category: main
  manager: conda
  dependencies:
  - python >=3.5
  url: https://conda.anaconda.org/conda-forge/noarch/mypy_extensions-1.0.0-pyha770c72_0.conda
  hash:
    md5: 4eccaeba205f0aed9ac3a9ea58568ca3
    sha256: f240217476e148e825420c6bc3a0c0efb08c0718b7042fae960400c02af858a3
  build: pyha770c72_0
  arch: aarch64
  subdir: osx-arm64
  build_number: 0
  license: MIT
  license_family: MIT
  noarch: python
  size: 10492
  timestamp: 1675543414256
- platform: osx-arm64
  name: ncurses
  version: '6.4'
  category: main
  manager: conda
  dependencies:
  - __osx >=10.9
  url: https://conda.anaconda.org/conda-forge/osx-arm64/ncurses-6.4-h463b476_2.conda
  hash:
    md5: 52b6f254a7b9663e854f44b6570ed982
    sha256: f6890634f815e8408d08f36503353f8dfd7b055e4c3b9ea2ee52180255cf4b0a
  build: h463b476_2
  arch: aarch64
  subdir: osx-arm64
  build_number: 2
  license: X11 AND BSD-3-Clause
  size: 794741
  timestamp: 1698751574074
- platform: osx-arm64
  name: openssl
  version: 3.1.4
  category: main
  manager: conda
  dependencies:
  - ca-certificates
  url: https://conda.anaconda.org/conda-forge/osx-arm64/openssl-3.1.4-h0d3ecfb_0.conda
  hash:
    md5: 5a89552fececf4cd99628318ccbb67a3
    sha256: 3c715b1d4940c7ad6065935db18924b85a54048dde066f963cfc250340639457
  build: h0d3ecfb_0
  arch: aarch64
  subdir: osx-arm64
  build_number: 0
  constrains:
  - pyopenssl >=22.1
  license: Apache-2.0
  license_family: Apache
  size: 2147225
  timestamp: 1698164947105
- platform: osx-arm64
  name: packaging
  version: '23.2'
  category: main
  manager: conda
  dependencies:
  - python >=3.7
  url: https://conda.anaconda.org/conda-forge/noarch/packaging-23.2-pyhd8ed1ab_0.conda
  hash:
    md5: 79002079284aa895f883c6b7f3f88fd6
    sha256: 69b3ace6cca2dab9047b2c24926077d81d236bef45329d264b394001e3c3e52f
  build: pyhd8ed1ab_0
  arch: aarch64
  subdir: osx-arm64
  build_number: 0
  license: Apache-2.0
  license_family: APACHE
  noarch: python
  size: 49452
  timestamp: 1696202521121
- platform: osx-arm64
  name: paginate
  version: 0.5.6
  category: main
  manager: conda
  dependencies:
  - python >=3.4
  url: https://conda.anaconda.org/conda-forge/noarch/paginate-0.5.6-pyhd8ed1ab_0.conda
  hash:
    md5: 5d454974a1b5c6f4d468f91812331d53
    sha256: 8d9d18c2892d49c33fab3e215cdbc55a2ba30a28c1f52e5e5d61cb435803726b
  build: pyhd8ed1ab_0
  arch: aarch64
  subdir: osx-arm64
  build_number: 0
  license: MIT
  license_family: MIT
  noarch: python
  size: 18537
  timestamp: 1693246970487
- platform: osx-arm64
  name: pathspec
  version: 0.11.2
  category: main
  manager: conda
  dependencies:
  - python >=3.7
  url: https://conda.anaconda.org/conda-forge/noarch/pathspec-0.11.2-pyhd8ed1ab_0.conda
  hash:
    md5: e41debb259e68490e3ab81e46b639ab6
    sha256: 7bcfa6d86359d45572ba9ccaeaedc04b0452e2654fe44b6fe378d0d37b8745e1
  build: pyhd8ed1ab_0
  arch: aarch64
  subdir: osx-arm64
  build_number: 0
  license: MPL-2.0
  license_family: MOZILLA
  noarch: python
  size: 38649
  timestamp: 1690598108100
- platform: osx-arm64
  name: pip
  version: 23.2.1
  category: main
  manager: conda
  dependencies:
  - python >=3.7
  - setuptools
  - wheel
  url: https://conda.anaconda.org/conda-forge/noarch/pip-23.2.1-pyhd8ed1ab_0.conda
  hash:
    md5: e2783aa3f9235225eec92f9081c5b801
    sha256: 9e401b171856e12f6aa32ae5cc1ae1d3708aa7d705ddf359ee7dd0dffd73c2b5
  build: pyhd8ed1ab_0
  arch: aarch64
  subdir: osx-arm64
  build_number: 0
  license: MIT
  license_family: MIT
  noarch: python
  size: 1386212
  timestamp: 1690024763393
- platform: osx-arm64
  name: platformdirs
  version: 4.0.0
  category: main
  manager: conda
  dependencies:
  - python >=3.7
  - typing_extensions >=4.7.1
  url: https://conda.anaconda.org/conda-forge/noarch/platformdirs-4.0.0-pyhd8ed1ab_0.conda
  hash:
    md5: 6bb4ee32cd435deaeac72776c001e7ac
    sha256: 67381d3f7cadca7df7699238e0dcce680ad20d7fd28804bab48611fecb084937
  build: pyhd8ed1ab_0
  arch: aarch64
  subdir: osx-arm64
  build_number: 0
  license: MIT
  license_family: MIT
  noarch: python
  size: 19965
  timestamp: 1699715699938
- platform: osx-arm64
  name: pluggy
  version: 1.3.0
  category: main
  manager: conda
  dependencies:
  - python >=3.8
  url: https://conda.anaconda.org/conda-forge/noarch/pluggy-1.3.0-pyhd8ed1ab_0.conda
  hash:
    md5: 2390bd10bed1f3fdc7a537fb5a447d8d
    sha256: 7bf2ad9d747e71f1e93d0863c2c8061dd0f2fe1e582f28d292abfb40264a2eb5
  build: pyhd8ed1ab_0
  arch: aarch64
  subdir: osx-arm64
  build_number: 0
  license: MIT
  license_family: MIT
  noarch: python
  size: 22548
  timestamp: 1693086745921
- platform: osx-arm64
  name: psutil
  version: 5.9.5
  category: main
  manager: conda
  dependencies:
  - python >=3.11,<3.12.0a0
  - python >=3.11,<3.12.0a0 *_cpython
  - python_abi 3.11.* *_cp311
  url: https://conda.anaconda.org/conda-forge/osx-arm64/psutil-5.9.5-py311heffc1b2_1.conda
  hash:
    md5: a40123b40642b8b08b3830a3f6bc7fd9
    sha256: a12a525d3bcaed04e0885b2bd00f4f626c80c19d7c0ae8bb7cf7121aefb39e52
  build: py311heffc1b2_1
  arch: aarch64
  subdir: osx-arm64
  build_number: 1
  license: BSD-3-Clause
  license_family: BSD
  size: 506971
  timestamp: 1695367619126
- platform: osx-arm64
  name: pygments
  version: 2.17.2
  category: main
  manager: conda
  dependencies:
  - python >=3.7
  url: https://conda.anaconda.org/conda-forge/noarch/pygments-2.17.2-pyhd8ed1ab_0.conda
  hash:
    md5: 140a7f159396547e9799aa98f9f0742e
    sha256: af5f8867450dc292f98ea387d4d8945fc574284677c8f60eaa9846ede7387257
  build: pyhd8ed1ab_0
  arch: aarch64
  subdir: osx-arm64
  build_number: 0
  license: BSD-2-Clause
  license_family: BSD
  noarch: python
  size: 860425
  timestamp: 1700608076927
- platform: osx-arm64
  name: pymdown-extensions
  version: '10.4'
  category: main
  manager: conda
  dependencies:
  - markdown >=3.2
  - python >=3.7
  - pyyaml
  url: https://conda.anaconda.org/conda-forge/noarch/pymdown-extensions-10.4-pyhd8ed1ab_0.conda
  hash:
    md5: b54ac482222f45f9c768cf15e24a05aa
    sha256: 18c9ecea5ec73fb12bef619df18c6fa367028353ce3c633887768a5d255a1271
  build: pyhd8ed1ab_0
  arch: aarch64
  subdir: osx-arm64
  build_number: 0
  license: MIT
  license_family: MIT
  noarch: python
  size: 151840
  timestamp: 1699668726197
- platform: osx-arm64
  name: pysocks
  version: 1.7.1
  category: main
  manager: conda
  dependencies:
  - __unix
  - python >=3.8
  url: https://conda.anaconda.org/conda-forge/noarch/pysocks-1.7.1-pyha2e5f31_6.tar.bz2
  hash:
    md5: 2a7de29fb590ca14b5243c4c812c8025
    sha256: a42f826e958a8d22e65b3394f437af7332610e43ee313393d1cf143f0a2d274b
  build: pyha2e5f31_6
  arch: aarch64
  subdir: osx-arm64
  build_number: 6
  license: BSD-3-Clause
  license_family: BSD
  noarch: python
  size: 18981
  timestamp: 1661604969727
- platform: osx-arm64
  name: pytest
  version: 7.4.3
  category: main
  manager: conda
  dependencies:
  - colorama
  - exceptiongroup >=1.0.0rc8
  - iniconfig
  - packaging
  - pluggy >=0.12,<2.0
  - python >=3.7
  - tomli >=1.0.0
  url: https://conda.anaconda.org/conda-forge/noarch/pytest-7.4.3-pyhd8ed1ab_0.conda
  hash:
    md5: 5bdca0aca30b0ee62bb84854e027eae0
    sha256: 14e948e620ec87d9e62a8d9c21d40084b4805a939cfee322be7d457379dc96a0
  build: pyhd8ed1ab_0
  arch: aarch64
  subdir: osx-arm64
  build_number: 0
  constrains:
  - pytest-faulthandler >=2
  license: MIT
  license_family: MIT
  noarch: python
  size: 244758
  timestamp: 1698233883003
- platform: osx-arm64
  name: pytest-asyncio
  version: 0.21.1
  category: main
  manager: conda
  dependencies:
  - pytest >=7.0.0
  - python >=3.7
  - typing_extensions >=3.7.2
  url: https://conda.anaconda.org/conda-forge/noarch/pytest-asyncio-0.21.1-pyhd8ed1ab_0.conda
  hash:
    md5: c8fd31da9b1059c4440f31f6ab4d620c
    sha256: f061bd0f8a41886331d852f7b3c4b395ac40bc404283fd061dcf992f197e3bb1
  build: pyhd8ed1ab_0
  arch: aarch64
  subdir: osx-arm64
  build_number: 0
  license: Apache-2.0
  license_family: APACHE
  noarch: python
  size: 26068
  timestamp: 1689174411610
- platform: osx-arm64
  name: python
  version: 3.11.6
  category: main
  manager: conda
  dependencies:
  - bzip2 >=1.0.8,<2.0a0
  - libexpat >=2.5.0,<3.0a0
  - libffi >=3.4,<4.0a0
  - libsqlite >=3.43.0,<4.0a0
  - libzlib >=1.2.13,<1.3.0a0
  - ncurses >=6.4,<7.0a0
  - openssl >=3.1.3,<4.0a0
  - readline >=8.2,<9.0a0
  - tk >=8.6.13,<8.7.0a0
  - tzdata
  - xz >=5.2.6,<6.0a0
  url: https://conda.anaconda.org/conda-forge/osx-arm64/python-3.11.6-h47c9636_0_cpython.conda
  hash:
    md5: 2271df1db9534f5cac7c2d0820c3359d
    sha256: 77054fa9a8fc30f71a18f599ee2897905a3c515202b614fa0f793add7a04a155
  build: h47c9636_0_cpython
  arch: aarch64
  subdir: osx-arm64
  build_number: 0
  constrains:
  - python_abi 3.11.* *_cp311
  license: Python-2.0
  size: 14626958
  timestamp: 1696329727433
- platform: osx-arm64
  name: python-dateutil
  version: 2.8.2
  category: main
  manager: conda
  dependencies:
  - python >=3.6
  - six >=1.5
  url: https://conda.anaconda.org/conda-forge/noarch/python-dateutil-2.8.2-pyhd8ed1ab_0.tar.bz2
  hash:
    md5: dd999d1cc9f79e67dbb855c8924c7984
    sha256: 54d7785c7678166aa45adeaccfc1d2b8c3c799ca2dc05d4a82bb39b1968bd7da
  build: pyhd8ed1ab_0
  arch: aarch64
  subdir: osx-arm64
  build_number: 0
  license: Apache-2.0
  license_family: APACHE
  noarch: python
  size: 245987
  timestamp: 1626286448716
- platform: osx-arm64
  name: python_abi
  version: '3.11'
  category: main
  manager: conda
  dependencies: []
  url: https://conda.anaconda.org/conda-forge/osx-arm64/python_abi-3.11-4_cp311.conda
  hash:
    md5: 8d3751bc73d3bbb66f216fa2331d5649
    sha256: 4837089c477b9b84fa38a17f453e6634e68237267211b27a8a2f5ccd847f4e55
  build: 4_cp311
  arch: aarch64
  subdir: osx-arm64
  build_number: 4
  constrains:
  - python 3.11.* *_cpython
  license: BSD-3-Clause
  license_family: BSD
  size: 6492
  timestamp: 1695147509940
- platform: osx-arm64
  name: pytz
  version: 2023.3.post1
  category: main
  manager: conda
  dependencies:
  - python >=3.6
  url: https://conda.anaconda.org/conda-forge/noarch/pytz-2023.3.post1-pyhd8ed1ab_0.conda
  hash:
    md5: c93346b446cd08c169d843ae5fc0da97
    sha256: 6b680e63d69aaf087cd43ca765a23838723ef59b0a328799e6363eb13f52c49e
  build: pyhd8ed1ab_0
  arch: aarch64
  subdir: osx-arm64
  build_number: 0
  license: MIT
  license_family: MIT
  noarch: python
  size: 187454
  timestamp: 1693930444432
- platform: osx-arm64
  name: pyyaml
  version: 6.0.1
  category: main
  manager: conda
  dependencies:
  - python >=3.11,<3.12.0a0
  - python >=3.11,<3.12.0a0 *_cpython
  - python_abi 3.11.* *_cp311
  - yaml >=0.2.5,<0.3.0a0
  url: https://conda.anaconda.org/conda-forge/osx-arm64/pyyaml-6.0.1-py311heffc1b2_1.conda
  hash:
    md5: d310bfbb8230b9175c0cbc10189ad804
    sha256: b155f5c27f0e2951256774628c4b91fdeee3267018eef29897a74e3d1316c8b0
  build: py311heffc1b2_1
  arch: aarch64
  subdir: osx-arm64
  build_number: 1
  license: MIT
  license_family: MIT
  size: 187795
  timestamp: 1695373829282
- platform: osx-arm64
  name: pyyaml-env-tag
  version: '0.1'
  category: main
  manager: conda
  dependencies:
  - python >=3.6
  - pyyaml
  url: https://conda.anaconda.org/conda-forge/noarch/pyyaml-env-tag-0.1-pyhd8ed1ab_0.tar.bz2
  hash:
    md5: 626ed9060ddeb681ddc42bcad89156ab
    sha256: 900319483135730d9836855a807822f0500b1a239520749103e9ef9b7ba9f246
  build: pyhd8ed1ab_0
  arch: aarch64
  subdir: osx-arm64
  build_number: 0
  license: MIT
  license_family: MIT
  noarch: python
  size: 7473
  timestamp: 1624389117412
- platform: osx-arm64
  name: readline
  version: '8.2'
  category: main
  manager: conda
  dependencies:
  - ncurses >=6.3,<7.0a0
  url: https://conda.anaconda.org/conda-forge/osx-arm64/readline-8.2-h92ec313_1.conda
  hash:
    md5: 8cbb776a2f641b943d413b3e19df71f4
    sha256: a1dfa679ac3f6007362386576a704ad2d0d7a02e98f5d0b115f207a2da63e884
  build: h92ec313_1
  arch: aarch64
  subdir: osx-arm64
  build_number: 1
  license: GPL-3.0-only
  license_family: GPL
  size: 250351
  timestamp: 1679532511311
- platform: osx-arm64
  name: regex
  version: 2022.10.31
  category: main
  manager: conda
  dependencies:
  - python >=3.11,<3.12.0a0
  - python >=3.11,<3.12.0a0 *_cpython
  - python_abi 3.11.* *_cp311
  url: https://conda.anaconda.org/conda-forge/osx-arm64/regex-2022.10.31-py311he2be06e_0.tar.bz2
  hash:
    md5: 47591a17cec5d0091196d66ba579f0b5
    sha256: 67194d64633c6ceb8822f796942c60a2171e550dd0ce0423aba988dddca103c2
  build: py311he2be06e_0
  arch: aarch64
  subdir: osx-arm64
  build_number: 0
  license: Python-2.0
  license_family: PSF
  size: 409009
  timestamp: 1667265400876
- platform: osx-arm64
  name: requests
  version: 2.31.0
  category: main
  manager: conda
  dependencies:
  - certifi >=2017.4.17
  - charset-normalizer >=2,<4
  - idna >=2.5,<4
  - python >=3.7
  - urllib3 >=1.21.1,<3
  url: https://conda.anaconda.org/conda-forge/noarch/requests-2.31.0-pyhd8ed1ab_0.conda
  hash:
    md5: a30144e4156cdbb236f99ebb49828f8b
    sha256: 9f629d6fd3c8ac5f2a198639fe7af87c4db2ac9235279164bfe0fcb49d8c4bad
  build: pyhd8ed1ab_0
  arch: aarch64
  subdir: osx-arm64
  build_number: 0
  constrains:
  - chardet >=3.0.2,<6
  license: Apache-2.0
  license_family: APACHE
  noarch: python
  size: 56690
  timestamp: 1684774408600
- platform: osx-arm64
  name: ruff
  version: 0.0.292
  category: main
  manager: conda
  dependencies:
  - __osx >=10.9
  - libcxx >=16.0.6
  - python >=3.11,<3.12.0a0
  - python >=3.11,<3.12.0a0 *_cpython
  - python_abi 3.11.* *_cp311
  url: https://conda.anaconda.org/conda-forge/osx-arm64/ruff-0.0.292-py311h6fc163c_1.conda
  hash:
    md5: 167d9a7bea3266afca59164bd9d1dd7c
    sha256: 79f5087b97322f08374df90afa3ed323e7f328cbae2c61d786c7d1038f153ff9
  build: py311h6fc163c_1
  arch: aarch64
  subdir: osx-arm64
  build_number: 1
  license: MIT
  license_family: MIT
  size: 4404210
  timestamp: 1696897112964
- platform: osx-arm64
  name: setuptools
  version: 68.2.2
  category: main
  manager: conda
  dependencies:
  - python >=3.7
  url: https://conda.anaconda.org/conda-forge/noarch/setuptools-68.2.2-pyhd8ed1ab_0.conda
  hash:
    md5: fc2166155db840c634a1291a5c35a709
    sha256: 851901b1f8f2049edb36a675f0c3f9a98e1495ef4eb214761b048c6f696a06f7
  build: pyhd8ed1ab_0
  arch: aarch64
  subdir: osx-arm64
  build_number: 0
  license: MIT
  license_family: MIT
  noarch: python
  size: 464399
  timestamp: 1694548452441
- platform: osx-arm64
  name: six
  version: 1.16.0
  category: main
  manager: conda
  dependencies:
  - python
  url: https://conda.anaconda.org/conda-forge/noarch/six-1.16.0-pyh6c4a22f_0.tar.bz2
  hash:
    md5: e5f25f8dbc060e9a8d912e432202afc2
    sha256: a85c38227b446f42c5b90d9b642f2c0567880c15d72492d8da074a59c8f91dd6
  build: pyh6c4a22f_0
  arch: aarch64
  subdir: osx-arm64
  build_number: 0
  license: MIT
  license_family: MIT
  noarch: python
  size: 14259
  timestamp: 1620240338595
- platform: osx-arm64
  name: tk
  version: 8.6.13
  category: main
  manager: conda
  dependencies:
  - libzlib >=1.2.13,<1.3.0a0
  url: https://conda.anaconda.org/conda-forge/osx-arm64/tk-8.6.13-h5083fa2_1.conda
  hash:
    md5: b50a57ba89c32b62428b71a875291c9b
    sha256: 72457ad031b4c048e5891f3f6cb27a53cb479db68a52d965f796910e71a403a8
  build: h5083fa2_1
  arch: aarch64
  subdir: osx-arm64
  build_number: 1
  license: TCL
  license_family: BSD
  size: 3145523
  timestamp: 1699202432999
- platform: osx-arm64
  name: tomli
  version: 2.0.1
  category: main
  manager: conda
  dependencies:
  - python >=3.7
  url: https://conda.anaconda.org/conda-forge/noarch/tomli-2.0.1-pyhd8ed1ab_0.tar.bz2
  hash:
    md5: 5844808ffab9ebdb694585b50ba02a96
    sha256: 4cd48aba7cd026d17e86886af48d0d2ebc67ed36f87f6534f4b67138f5a5a58f
  build: pyhd8ed1ab_0
  arch: aarch64
  subdir: osx-arm64
  build_number: 0
  license: MIT
  license_family: MIT
  noarch: python
  size: 15940
  timestamp: 1644342331069
- platform: osx-arm64
  name: typing-extensions
  version: 4.8.0
  category: main
  manager: conda
  dependencies:
  - typing_extensions 4.8.0 pyha770c72_0
  url: https://conda.anaconda.org/conda-forge/noarch/typing-extensions-4.8.0-hd8ed1ab_0.conda
  hash:
    md5: 384462e63262a527bda564fa2d9126c0
    sha256: d6e1dddd0c372218ef15912383d351ac8c73465cbf16238017f0269813cafe2d
  build: hd8ed1ab_0
  arch: aarch64
  subdir: osx-arm64
  build_number: 0
  license: PSF-2.0
  license_family: PSF
  noarch: python
  size: 10104
  timestamp: 1695040958008
- platform: osx-arm64
  name: typing_extensions
  version: 4.8.0
  category: main
  manager: conda
  dependencies:
  - python >=3.8
  url: https://conda.anaconda.org/conda-forge/noarch/typing_extensions-4.8.0-pyha770c72_0.conda
  hash:
    md5: 5b1be40a26d10a06f6d4f1f9e19fa0c7
    sha256: 38d16b5c53ec1af845d37d22e7bb0e6c934c7f19499123507c5a470f6f8b7dde
  build: pyha770c72_0
  arch: aarch64
  subdir: osx-arm64
  build_number: 0
  license: PSF-2.0
  license_family: PSF
  noarch: python
  size: 35108
  timestamp: 1695040948828
- platform: osx-arm64
  name: tzdata
  version: 2023c
  category: main
  manager: conda
  dependencies: []
  url: https://conda.anaconda.org/conda-forge/noarch/tzdata-2023c-h71feb2d_0.conda
  hash:
    md5: 939e3e74d8be4dac89ce83b20de2492a
    sha256: 0449138224adfa125b220154408419ec37c06b0b49f63c5954724325903ecf55
  build: h71feb2d_0
  arch: aarch64
  subdir: osx-arm64
  build_number: 0
  license: LicenseRef-Public-Domain
  noarch: generic
  size: 117580
  timestamp: 1680041306008
- platform: osx-arm64
  name: urllib3
  version: 2.1.0
  category: main
  manager: conda
  dependencies:
  - brotli-python >=1.0.9
  - pysocks >=1.5.6,<2.0,!=1.5.7
  - python >=3.7
  url: https://conda.anaconda.org/conda-forge/noarch/urllib3-2.1.0-pyhd8ed1ab_0.conda
  hash:
    md5: f8ced8ee63830dec7ecc1be048d1470a
    sha256: eff5029820b4eaeab3a291a39854a6cd8fc8c4216264087f68c2d8d59822c869
  build: pyhd8ed1ab_0
  arch: aarch64
  subdir: osx-arm64
  build_number: 0
  license: MIT
  license_family: MIT
  noarch: python
  size: 85324
  timestamp: 1699933655057
- platform: osx-arm64
  name: watchdog
  version: 3.0.0
  category: main
  manager: conda
  dependencies:
  - python >=3.11,<3.12.0a0
  - python >=3.11,<3.12.0a0 *_cpython
  - python_abi 3.11.* *_cp311
  - pyyaml >=3.10
  url: https://conda.anaconda.org/conda-forge/osx-arm64/watchdog-3.0.0-py311heffc1b2_1.conda
  hash:
    md5: 67202ddda794d7ff7ca6b6e45337073d
    sha256: 3fd810c89bb56b70518f1e60b7d3769ca13ab8a55e572cc90bba61f7a2a3e8b5
  build: py311heffc1b2_1
  arch: aarch64
  subdir: osx-arm64
  build_number: 1
  license: Apache-2.0
  license_family: APACHE
  size: 147013
  timestamp: 1695395641979
- platform: osx-arm64
  name: wheel
  version: 0.41.3
  category: main
  manager: conda
  dependencies:
  - python >=3.7
  url: https://conda.anaconda.org/conda-forge/noarch/wheel-0.41.3-pyhd8ed1ab_0.conda
  hash:
    md5: 3fc026b9c87d091c4b34a6c997324ae8
    sha256: 84c3b57fba778add2bd47b7cc70e86f746d2c55549ffd2ccb6f3d6bf7c94d21d
  build: pyhd8ed1ab_0
  arch: aarch64
  subdir: osx-arm64
  build_number: 0
  license: MIT
  license_family: MIT
  noarch: python
  size: 57901
  timestamp: 1698670970223
- platform: osx-arm64
  name: xz
  version: 5.2.6
  category: main
  manager: conda
  dependencies: []
  url: https://conda.anaconda.org/conda-forge/osx-arm64/xz-5.2.6-h57fd34a_0.tar.bz2
  hash:
    md5: 39c6b54e94014701dd157f4f576ed211
    sha256: 59d78af0c3e071021cfe82dc40134c19dab8cdf804324b62940f5c8cd71803ec
  build: h57fd34a_0
  arch: aarch64
  subdir: osx-arm64
  build_number: 0
  license: LGPL-2.1 and GPL-2.0
  size: 235693
  timestamp: 1660346961024
- platform: osx-arm64
  name: yaml
  version: 0.2.5
  category: main
  manager: conda
  dependencies: []
  url: https://conda.anaconda.org/conda-forge/osx-arm64/yaml-0.2.5-h3422bc3_2.tar.bz2
  hash:
    md5: 4bb3f014845110883a3c5ee811fd84b4
    sha256: 93181a04ba8cfecfdfb162fc958436d868cc37db504c58078eab4c1a3e57fbb7
  build: h3422bc3_2
  arch: aarch64
  subdir: osx-arm64
  build_number: 2
  license: MIT
  license_family: MIT
  size: 88016
  timestamp: 1641347076660
- platform: osx-arm64
  name: zipp
  version: 3.17.0
  category: main
  manager: conda
  dependencies:
  - python >=3.8
  url: https://conda.anaconda.org/conda-forge/noarch/zipp-3.17.0-pyhd8ed1ab_0.conda
  hash:
    md5: 2e4d6bc0b14e10f895fc6791a7d9b26a
    sha256: bced1423fdbf77bca0a735187d05d9b9812d2163f60ab426fc10f11f92ecbe26
  build: pyhd8ed1ab_0
  arch: aarch64
  subdir: osx-arm64
  build_number: 0
  license: MIT
  license_family: MIT
  noarch: python
  size: 18954
  timestamp: 1695255262261
